
Microsoft Visual Studio Solution File, Format Version 12.00
# Visual Studio Version 16
VisualStudioVersion = 16.0.30114.105
MinimumVisualStudioVersion = 10.0.40219.1
Project("{2150E333-8FDC-42A3-9474-1A3956D46DE8}") = "DesignPatterns", "DesignPatterns", "{385138D2-B8AB-4CB8-B0FE-EACBDB40561B}"
EndProject
Project("{FAE04EC0-301F-11D3-BF4B-00C04F79EFBC}") = "Builders", "DesignPatterns\Builders\Builders.csproj", "{6ED6A2E4-A399-41C6-81CE-73EF2D7694CF}"
EndProject
Project("{2150E333-8FDC-42A3-9474-1A3956D46DE8}") = "Conceitos", "Conceitos", "{07A0AA28-CAD3-4653-B8E9-1790D002DD2F}"
EndProject
Project("{2150E333-8FDC-42A3-9474-1A3956D46DE8}") = "Paralelismo", "Paralelismo", "{CC7B2DFC-9501-42A4-A033-0EA83ACAFAE3}"
EndProject
Project("{FAE04EC0-301F-11D3-BF4B-00C04F79EFBC}") = "1_TaskProgramming", "Conceitos\Paralelismo\1_TaskProgramming\1_TaskProgramming.csproj", "{0995708F-EFAA-40D2-BEB7-3095AAB1E6CB}"
EndProject
Project("{FAE04EC0-301F-11D3-BF4B-00C04F79EFBC}") = "2_DataSharing_Synchronization", "Conceitos\Paralelismo\2_DataSharing_Synchronization\2_DataSharing_Synchronization.csproj", "{AA10554A-BF12-4A19-B8F3-D242B1D77517}"
EndProject
Project("{FAE04EC0-301F-11D3-BF4B-00C04F79EFBC}") = "3_ConcurrentCollections", "Conceitos\Paralelismo\3_ConcurrentCollections\3_ConcurrentCollections.csproj", "{92D8A2ED-7CE9-4722-9E84-77C26C48A70A}"
EndProject
Project("{FAE04EC0-301F-11D3-BF4B-00C04F79EFBC}") = "6_ParallelLINQ", "Conceitos\Paralelismo\6_ParallelLINQ\6_ParallelLINQ.csproj", "{868F1198-719B-4790-8C92-C30B1EFB359A}"
EndProject
Project("{FAE04EC0-301F-11D3-BF4B-00C04F79EFBC}") = "5_ParallelLops", "Conceitos\Paralelismo\6_ParallelLops\5_ParallelLops.csproj", "{45459A46-8084-4379-A145-31B5765F7EE7}"
EndProject
Project("{FAE04EC0-301F-11D3-BF4B-00C04F79EFBC}") = "7_AsynchronousProgramming", "Conceitos\Paralelismo\7_AsynchronousProgramming\7_AsynchronousProgramming.csproj", "{44EB0833-BD23-4909-9C9F-890EFD21474A}"
EndProject
Project("{FAE04EC0-301F-11D3-BF4B-00C04F79EFBC}") = "Factories", "DesignPatterns\Factories\Factories.csproj", "{57B9F27C-5E97-4B6F-945A-D063611AD832}"
EndProject
Project("{FAE04EC0-301F-11D3-BF4B-00C04F79EFBC}") = "Threads", "Conceitos\Threads\Threads.csproj", "{51B294DE-4098-4672-BDA7-35DA55228135}"
EndProject
Global
	GlobalSection(SolutionConfigurationPlatforms) = preSolution
		Debug|Any CPU = Debug|Any CPU
		Release|Any CPU = Release|Any CPU
	EndGlobalSection
	GlobalSection(SolutionProperties) = preSolution
		HideSolutionNode = FALSE
	EndGlobalSection
	GlobalSection(ProjectConfigurationPlatforms) = postSolution
		{6ED6A2E4-A399-41C6-81CE-73EF2D7694CF}.Debug|Any CPU.ActiveCfg = Debug|Any CPU
		{6ED6A2E4-A399-41C6-81CE-73EF2D7694CF}.Debug|Any CPU.Build.0 = Debug|Any CPU
		{6ED6A2E4-A399-41C6-81CE-73EF2D7694CF}.Release|Any CPU.ActiveCfg = Release|Any CPU
		{6ED6A2E4-A399-41C6-81CE-73EF2D7694CF}.Release|Any CPU.Build.0 = Release|Any CPU
		{0995708F-EFAA-40D2-BEB7-3095AAB1E6CB}.Debug|Any CPU.ActiveCfg = Debug|Any CPU
		{0995708F-EFAA-40D2-BEB7-3095AAB1E6CB}.Debug|Any CPU.Build.0 = Debug|Any CPU
		{0995708F-EFAA-40D2-BEB7-3095AAB1E6CB}.Release|Any CPU.ActiveCfg = Release|Any CPU
		{0995708F-EFAA-40D2-BEB7-3095AAB1E6CB}.Release|Any CPU.Build.0 = Release|Any CPU
		{AA10554A-BF12-4A19-B8F3-D242B1D77517}.Debug|Any CPU.ActiveCfg = Debug|Any CPU
		{AA10554A-BF12-4A19-B8F3-D242B1D77517}.Debug|Any CPU.Build.0 = Debug|Any CPU
		{AA10554A-BF12-4A19-B8F3-D242B1D77517}.Release|Any CPU.ActiveCfg = Release|Any CPU
		{AA10554A-BF12-4A19-B8F3-D242B1D77517}.Release|Any CPU.Build.0 = Release|Any CPU
		{92D8A2ED-7CE9-4722-9E84-77C26C48A70A}.Debug|Any CPU.ActiveCfg = Debug|Any CPU
		{92D8A2ED-7CE9-4722-9E84-77C26C48A70A}.Debug|Any CPU.Build.0 = Debug|Any CPU
		{92D8A2ED-7CE9-4722-9E84-77C26C48A70A}.Release|Any CPU.ActiveCfg = Release|Any CPU
		{92D8A2ED-7CE9-4722-9E84-77C26C48A70A}.Release|Any CPU.Build.0 = Release|Any CPU
		{868F1198-719B-4790-8C92-C30B1EFB359A}.Debug|Any CPU.ActiveCfg = Debug|Any CPU
		{868F1198-719B-4790-8C92-C30B1EFB359A}.Debug|Any CPU.Build.0 = Debug|Any CPU
		{868F1198-719B-4790-8C92-C30B1EFB359A}.Release|Any CPU.ActiveCfg = Release|Any CPU
		{868F1198-719B-4790-8C92-C30B1EFB359A}.Release|Any CPU.Build.0 = Release|Any CPU
		{45459A46-8084-4379-A145-31B5765F7EE7}.Debug|Any CPU.ActiveCfg = Debug|Any CPU
		{45459A46-8084-4379-A145-31B5765F7EE7}.Debug|Any CPU.Build.0 = Debug|Any CPU
		{45459A46-8084-4379-A145-31B5765F7EE7}.Release|Any CPU.ActiveCfg = Release|Any CPU
		{45459A46-8084-4379-A145-31B5765F7EE7}.Release|Any CPU.Build.0 = Release|Any CPU
		{44EB0833-BD23-4909-9C9F-890EFD21474A}.Debug|Any CPU.ActiveCfg = Debug|Any CPU
		{44EB0833-BD23-4909-9C9F-890EFD21474A}.Debug|Any CPU.Build.0 = Debug|Any CPU
		{44EB0833-BD23-4909-9C9F-890EFD21474A}.Release|Any CPU.ActiveCfg = Release|Any CPU
		{44EB0833-BD23-4909-9C9F-890EFD21474A}.Release|Any CPU.Build.0 = Release|Any CPU
		{57B9F27C-5E97-4B6F-945A-D063611AD832}.Debug|Any CPU.ActiveCfg = Debug|Any CPU
		{57B9F27C-5E97-4B6F-945A-D063611AD832}.Debug|Any CPU.Build.0 = Debug|Any CPU
		{57B9F27C-5E97-4B6F-945A-D063611AD832}.Release|Any CPU.ActiveCfg = Release|Any CPU
		{57B9F27C-5E97-4B6F-945A-D063611AD832}.Release|Any CPU.Build.0 = Release|Any CPU
		{51B294DE-4098-4672-BDA7-35DA55228135}.Debug|Any CPU.ActiveCfg = Debug|Any CPU
		{51B294DE-4098-4672-BDA7-35DA55228135}.Debug|Any CPU.Build.0 = Debug|Any CPU
		{51B294DE-4098-4672-BDA7-35DA55228135}.Release|Any CPU.ActiveCfg = Release|Any CPU
		{51B294DE-4098-4672-BDA7-35DA55228135}.Release|Any CPU.Build.0 = Release|Any CPU
	EndGlobalSection
	GlobalSection(NestedProjects) = preSolution
		{6ED6A2E4-A399-41C6-81CE-73EF2D7694CF} = {385138D2-B8AB-4CB8-B0FE-EACBDB40561B}
		{CC7B2DFC-9501-42A4-A033-0EA83ACAFAE3} = {07A0AA28-CAD3-4653-B8E9-1790D002DD2F}
		{0995708F-EFAA-40D2-BEB7-3095AAB1E6CB} = {CC7B2DFC-9501-42A4-A033-0EA83ACAFAE3}
		{AA10554A-BF12-4A19-B8F3-D242B1D77517} = {CC7B2DFC-9501-42A4-A033-0EA83ACAFAE3}
		{92D8A2ED-7CE9-4722-9E84-77C26C48A70A} = {CC7B2DFC-9501-42A4-A033-0EA83ACAFAE3}
		{868F1198-719B-4790-8C92-C30B1EFB359A} = {CC7B2DFC-9501-42A4-A033-0EA83ACAFAE3}
		{45459A46-8084-4379-A145-31B5765F7EE7} = {CC7B2DFC-9501-42A4-A033-0EA83ACAFAE3}
		{44EB0833-BD23-4909-9C9F-890EFD21474A} = {CC7B2DFC-9501-42A4-A033-0EA83ACAFAE3}
		{57B9F27C-5E97-4B6F-945A-D063611AD832} = {385138D2-B8AB-4CB8-B0FE-EACBDB40561B}
		{51B294DE-4098-4672-BDA7-35DA55228135} = {07A0AA28-CAD3-4653-B8E9-1790D002DD2F}
	EndGlobalSection
EndGlobal
