
Microsoft Visual Studio Solution File, Format Version 12.00
# Visual Studio Version 17
VisualStudioVersion = 17.0.31903.59
MinimumVisualStudioVersion = 10.0.40219.1
Project("{2150E333-8FDC-42A3-9474-1A3956D46DE8}") = "Projects", "Projects", "{0DA6C32A-B425-4A6B-9EE5-20448AB6F596}"
EndProject
Project("{2150E333-8FDC-42A3-9474-1A3956D46DE8}") = "SocialMedia", "SocialMedia", "{B7C3D14F-04FC-4F89-BD51-F48BAB2093F5}"
EndProject
Project("{FAE04EC0-301F-11D3-BF4B-00C04F79EFBC}") = "CQRS.Core", "CQRS.Core\CQRS.Core.csproj", "{15AD2B7D-2E8D-4596-95BC-8C5974A4D3F7}"
EndProject
Project("{FAE04EC0-301F-11D3-BF4B-00C04F79EFBC}") = "Post.Cmd.Api", "Post.Cmd.Api\Post.Cmd.Api.csproj", "{3261A7CC-2476-451F-8463-28EF07BFB973}"
EndProject
Project("{FAE04EC0-301F-11D3-BF4B-00C04F79EFBC}") = "Post.Cmd.Domain", "Post.Cmd.Domain\Post.Cmd.Domain.csproj", "{60FDB794-06A2-4EBC-AFD3-A55A67B354FE}"
EndProject
Project("{FAE04EC0-301F-11D3-BF4B-00C04F79EFBC}") = "Post.Cmd.Infrastructure", "Post.Cmd.Infrastructure\Post.Cmd.Infrastructure.csproj", "{34BC52E7-C6F8-42D1-840A-9487464A363E}"
EndProject
Project("{FAE04EC0-301F-11D3-BF4B-00C04F79EFBC}") = "Post.Query.Api", "Post.Query.Api\Post.Query.Api.csproj", "{04580FD2-7493-484B-94BA-6C83F9F00E36}"
EndProject
Project("{FAE04EC0-301F-11D3-BF4B-00C04F79EFBC}") = "Post.Query.Domain", "Post.Query.Domain\Post.Query.Domain.csproj", "{47ABF285-E09A-4BAC-B804-E172B48002CA}"
EndProject
Project("{2150E333-8FDC-42A3-9474-1A3956D46DE8}") = "Cmd", "Cmd", "{87E83A2C-4D02-47E5-976F-6CF892CD0511}"
EndProject
Project("{2150E333-8FDC-42A3-9474-1A3956D46DE8}") = "Query", "Query", "{1F998883-1426-473A-BF1B-553E48031896}"
EndProject
Project("{FAE04EC0-301F-11D3-BF4B-00C04F79EFBC}") = "Post.Query.Infrastructure", "Post.Query.Infrastructure\Post.Query.Infrastructure.csproj", "{D7AF024F-A801-4741-ADE3-6438CA0D801F}"
EndProject
Global
	GlobalSection(SolutionConfigurationPlatforms) = preSolution
		Debug|Any CPU = Debug|Any CPU
		Release|Any CPU = Release|Any CPU
	EndGlobalSection
	GlobalSection(SolutionProperties) = preSolution
		HideSolutionNode = FALSE
	EndGlobalSection
	GlobalSection(NestedProjects) = preSolution
		{B7C3D14F-04FC-4F89-BD51-F48BAB2093F5} = {0DA6C32A-B425-4A6B-9EE5-20448AB6F596}
		{15AD2B7D-2E8D-4596-95BC-8C5974A4D3F7} = {B7C3D14F-04FC-4F89-BD51-F48BAB2093F5}
		{87E83A2C-4D02-47E5-976F-6CF892CD0511} = {B7C3D14F-04FC-4F89-BD51-F48BAB2093F5}
		{3261A7CC-2476-451F-8463-28EF07BFB973} = {87E83A2C-4D02-47E5-976F-6CF892CD0511}
		{60FDB794-06A2-4EBC-AFD3-A55A67B354FE} = {87E83A2C-4D02-47E5-976F-6CF892CD0511}
		{34BC52E7-C6F8-42D1-840A-9487464A363E} = {87E83A2C-4D02-47E5-976F-6CF892CD0511}
		{1F998883-1426-473A-BF1B-553E48031896} = {B7C3D14F-04FC-4F89-BD51-F48BAB2093F5}
		{04580FD2-7493-484B-94BA-6C83F9F00E36} = {1F998883-1426-473A-BF1B-553E48031896}
		{47ABF285-E09A-4BAC-B804-E172B48002CA} = {1F998883-1426-473A-BF1B-553E48031896}
		{D7AF024F-A801-4741-ADE3-6438CA0D801F} = {1F998883-1426-473A-BF1B-553E48031896}
	EndGlobalSection
	GlobalSection(ProjectConfigurationPlatforms) = postSolution
		{15AD2B7D-2E8D-4596-95BC-8C5974A4D3F7}.Debug|Any CPU.ActiveCfg = Debug|Any CPU
		{15AD2B7D-2E8D-4596-95BC-8C5974A4D3F7}.Debug|Any CPU.Build.0 = Debug|Any CPU
		{15AD2B7D-2E8D-4596-95BC-8C5974A4D3F7}.Release|Any CPU.ActiveCfg = Release|Any CPU
		{15AD2B7D-2E8D-4596-95BC-8C5974A4D3F7}.Release|Any CPU.Build.0 = Release|Any CPU
		{3261A7CC-2476-451F-8463-28EF07BFB973}.Debug|Any CPU.ActiveCfg = Debug|Any CPU
		{3261A7CC-2476-451F-8463-28EF07BFB973}.Debug|Any CPU.Build.0 = Debug|Any CPU
		{3261A7CC-2476-451F-8463-28EF07BFB973}.Release|Any CPU.ActiveCfg = Release|Any CPU
		{3261A7CC-2476-451F-8463-28EF07BFB973}.Release|Any CPU.Build.0 = Release|Any CPU
		{60FDB794-06A2-4EBC-AFD3-A55A67B354FE}.Debug|Any CPU.ActiveCfg = Debug|Any CPU
		{60FDB794-06A2-4EBC-AFD3-A55A67B354FE}.Debug|Any CPU.Build.0 = Debug|Any CPU
		{60FDB794-06A2-4EBC-AFD3-A55A67B354FE}.Release|Any CPU.ActiveCfg = Release|Any CPU
		{60FDB794-06A2-4EBC-AFD3-A55A67B354FE}.Release|Any CPU.Build.0 = Release|Any CPU
		{34BC52E7-C6F8-42D1-840A-9487464A363E}.Debug|Any CPU.ActiveCfg = Debug|Any CPU
		{34BC52E7-C6F8-42D1-840A-9487464A363E}.Debug|Any CPU.Build.0 = Debug|Any CPU
		{34BC52E7-C6F8-42D1-840A-9487464A363E}.Release|Any CPU.ActiveCfg = Release|Any CPU
		{34BC52E7-C6F8-42D1-840A-9487464A363E}.Release|Any CPU.Build.0 = Release|Any CPU
		{04580FD2-7493-484B-94BA-6C83F9F00E36}.Debug|Any CPU.ActiveCfg = Debug|Any CPU
		{04580FD2-7493-484B-94BA-6C83F9F00E36}.Debug|Any CPU.Build.0 = Debug|Any CPU
		{04580FD2-7493-484B-94BA-6C83F9F00E36}.Release|Any CPU.ActiveCfg = Release|Any CPU
		{04580FD2-7493-484B-94BA-6C83F9F00E36}.Release|Any CPU.Build.0 = Release|Any CPU
		{47ABF285-E09A-4BAC-B804-E172B48002CA}.Debug|Any CPU.ActiveCfg = Debug|Any CPU
		{47ABF285-E09A-4BAC-B804-E172B48002CA}.Debug|Any CPU.Build.0 = Debug|Any CPU
		{47ABF285-E09A-4BAC-B804-E172B48002CA}.Release|Any CPU.ActiveCfg = Release|Any CPU
		{47ABF285-E09A-4BAC-B804-E172B48002CA}.Release|Any CPU.Build.0 = Release|Any CPU
		{D7AF024F-A801-4741-ADE3-6438CA0D801F}.Debug|Any CPU.ActiveCfg = Debug|Any CPU
		{D7AF024F-A801-4741-ADE3-6438CA0D801F}.Debug|Any CPU.Build.0 = Debug|Any CPU
		{D7AF024F-A801-4741-ADE3-6438CA0D801F}.Release|Any CPU.ActiveCfg = Release|Any CPU
		{D7AF024F-A801-4741-ADE3-6438CA0D801F}.Release|Any CPU.Build.0 = Release|Any CPU
	EndGlobalSection
EndGlobal
