
Microsoft Visual Studio Solution File, Format Version 12.00
# Visual Studio Version 17
VisualStudioVersion = 17.2.32616.157
MinimumVisualStudioVersion = 10.0.40219.1
Project("{2150E333-8FDC-42A3-9474-1A3956D46DE8}") = "Alura", "Alura", "{4BCA55F0-03EA-497C-986A-826F2283DBC5}"
EndProject
Project("{9A19103F-16F7-4668-BE54-9A1E7A4F7556}") = "Parte_01", "Alura\Collections\Parte_01\Parte_01.csproj", "{4BCE9235-97F1-4801-A30D-152CDE607BAE}"
EndProject
Project("{2150E333-8FDC-42A3-9474-1A3956D46DE8}") = "Projetos", "Projetos", "{657B12D7-AB30-4D9F-B6F1-451E7570B182}"
EndProject
Project("{2150E333-8FDC-42A3-9474-1A3956D46DE8}") = "Collections", "Collections", "{F4264C76-92CD-4CDD-AF05-9456DBA81BA0}"
EndProject
Project("{2150E333-8FDC-42A3-9474-1A3956D46DE8}") = "DotNet6", "DotNet6", "{54399035-4287-424D-BF12-A370E4E7C3E8}"
EndProject
Project("{FAE04EC0-301F-11D3-BF4B-00C04F79EFBC}") = "API", "Projetos\DotNet6\API\API.csproj", "{E9D52C75-A689-4DE4-AAFB-F581CB6F50BF}"
EndProject
Global
	GlobalSection(SolutionConfigurationPlatforms) = preSolution
		Debug|Any CPU = Debug|Any CPU
		Release|Any CPU = Release|Any CPU
	EndGlobalSection
	GlobalSection(ProjectConfigurationPlatforms) = postSolution
		{4BCE9235-97F1-4801-A30D-152CDE607BAE}.Debug|Any CPU.ActiveCfg = Debug|Any CPU
		{4BCE9235-97F1-4801-A30D-152CDE607BAE}.Debug|Any CPU.Build.0 = Debug|Any CPU
		{4BCE9235-97F1-4801-A30D-152CDE607BAE}.Release|Any CPU.ActiveCfg = Release|Any CPU
		{4BCE9235-97F1-4801-A30D-152CDE607BAE}.Release|Any CPU.Build.0 = Release|Any CPU
		{E9D52C75-A689-4DE4-AAFB-F581CB6F50BF}.Debug|Any CPU.ActiveCfg = Debug|Any CPU
		{E9D52C75-A689-4DE4-AAFB-F581CB6F50BF}.Debug|Any CPU.Build.0 = Debug|Any CPU
		{E9D52C75-A689-4DE4-AAFB-F581CB6F50BF}.Release|Any CPU.ActiveCfg = Release|Any CPU
		{E9D52C75-A689-4DE4-AAFB-F581CB6F50BF}.Release|Any CPU.Build.0 = Release|Any CPU
	EndGlobalSection
	GlobalSection(SolutionProperties) = preSolution
		HideSolutionNode = FALSE
	EndGlobalSection
	GlobalSection(NestedProjects) = preSolution
		{4BCE9235-97F1-4801-A30D-152CDE607BAE} = {F4264C76-92CD-4CDD-AF05-9456DBA81BA0}
		{F4264C76-92CD-4CDD-AF05-9456DBA81BA0} = {4BCA55F0-03EA-497C-986A-826F2283DBC5}
		{54399035-4287-424D-BF12-A370E4E7C3E8} = {657B12D7-AB30-4D9F-B6F1-451E7570B182}
		{E9D52C75-A689-4DE4-AAFB-F581CB6F50BF} = {54399035-4287-424D-BF12-A370E4E7C3E8}
	EndGlobalSection
	GlobalSection(ExtensibilityGlobals) = postSolution
		SolutionGuid = {9428CEF4-64B0-4C75-992A-4B8005F77DF4}
	EndGlobalSection
EndGlobal
