
Microsoft Visual Studio Solution File, Format Version 12.00
# Visual Studio Version 16
VisualStudioVersion = 16.0.31515.178
MinimumVisualStudioVersion = 10.0.40219.1
Project("{9A19103F-16F7-4668-BE54-9A1E7A4F7556}") = "Threads", "Threads\Threads.csproj", "{556C1481-2693-4473-9D51-EE03A91CB4C8}"
EndProject
Project("{9A19103F-16F7-4668-BE54-9A1E7A4F7556}") = "Metodos", "Metodos\Metodos.csproj", "{90AEA01D-76B3-4E8F-A868-BBBD5069F351}"
EndProject
Project("{9A19103F-16F7-4668-BE54-9A1E7A4F7556}") = "Linqs", "Linq\Linqs.csproj", "{C3E84D42-A1DC-4120-B621-E2EE40909242}"
EndProject
Project("{9A19103F-16F7-4668-BE54-9A1E7A4F7556}") = "Comparator", "Comparator\Comparator.csproj", "{BC191FB5-F5F9-4806-B241-22B32AF99C6C}"
EndProject
Project("{9A19103F-16F7-4668-BE54-9A1E7A4F7556}") = "Interfaces", "Interfaces\Interfaces.csproj", "{6FAC92B3-40F9-4F11-9603-EFBDA98A5630}"
EndProject
Project("{9A19103F-16F7-4668-BE54-9A1E7A4F7556}") = "Classes", "Classes\Classes.csproj", "{C3B06157-835C-4088-BFBE-428D4BAE0581}"
EndProject
Project("{9A19103F-16F7-4668-BE54-9A1E7A4F7556}") = "Listas", "Generics\Listas.csproj", "{862AA537-A81D-42AB-8962-75C204487F4B}"
EndProject
Project("{9A19103F-16F7-4668-BE54-9A1E7A4F7556}") = "Lambda", "Lambda\Lambda.csproj", "{8510953C-E4A4-4BEE-B6A5-C7B611CED0D9}"
EndProject
Project("{9A19103F-16F7-4668-BE54-9A1E7A4F7556}") = "Delegates", "Delegates\Delegates.csproj", "{76887BEA-FA91-4A81-90FD-3E8E4C3AD119}"
EndProject
Project("{9A19103F-16F7-4668-BE54-9A1E7A4F7556}") = "Tipos", "Tipos\Tipos.csproj", "{0BF97515-3F54-4B8A-B912-550F6BEC9EB4}"
EndProject
Project("{9A19103F-16F7-4668-BE54-9A1E7A4F7556}") = "Bogus_Fake", "Bogus\Bogus_Fake.csproj", "{885F2BBF-9412-427E-8598-6A550F5400E3}"
EndProject
Project("{2150E333-8FDC-42A3-9474-1A3956D46DE8}") = "Conceitos", "Conceitos", "{5DC67F4E-A85A-4938-9725-1CC01B8BF63E}"
	ProjectSection(SolutionItems) = preProject
		ArquiteraEmCamadas.txt = ArquiteraEmCamadas.txt
		ArquiteturaEmCebola_Onion.txt = ArquiteturaEmCebola_Onion.txt
		CQRS.txt = CQRS.txt
		DDD.txt = DDD.txt
		InversaoDependencia.txt = InversaoDependencia.txt
		MVC.txt = MVC.txt
		SeparacaoDeConceitos.txt = SeparacaoDeConceitos.txt
	EndProjectSection
EndProject
Project("{9A19103F-16F7-4668-BE54-9A1E7A4F7556}") = "ModeloAnemico", "ModeloAnemico\ModeloAnemico.csproj", "{6BAE2F4B-5BA6-40AB-8C42-A36D8857AEC5}"
EndProject
Project("{9A19103F-16F7-4668-BE54-9A1E7A4F7556}") = "Repositories", "Repositories\Repositories.csproj", "{F1EF97CB-1263-43B3-9450-F46873E305E9}"
EndProject
Project("{2150E333-8FDC-42A3-9474-1A3956D46DE8}") = "CleanArchMVC", "CleanArchMVC", "{756B0012-40DA-4027-85C2-C76FE58752C5}"
	ProjectSection(SolutionItems) = preProject
		Comentários.txt = Comentários.txt
	EndProjectSection
EndProject
Project("{9A19103F-16F7-4668-BE54-9A1E7A4F7556}") = "CleanArchMvc.Application", "CleanArchMvc.Application\CleanArchMvc.Application.csproj", "{1CCA957F-6296-42DE-8B99-CD977A1178C5}"
EndProject
Project("{9A19103F-16F7-4668-BE54-9A1E7A4F7556}") = "CleanArchMvc.Domain", "CleanArchMvc.Domain\CleanArchMvc.Domain.csproj", "{C65C80A1-DD45-49D3-9657-CBDBBE835E52}"
EndProject
Project("{9A19103F-16F7-4668-BE54-9A1E7A4F7556}") = "CleanArchMvc.Infra.Data", "CleanArchMvc.Infra.Data\CleanArchMvc.Infra.Data.csproj", "{6A6756EE-9640-41F0-8932-BC3E3AD59208}"
EndProject
Project("{9A19103F-16F7-4668-BE54-9A1E7A4F7556}") = "CleanArchMvc.Infra.IoC", "CleanArchMvc.Infra.IoC\CleanArchMvc.Infra.IoC.csproj", "{81B0223A-93EA-4F4C-8287-AF894EAFCCD9}"
EndProject
Project("{9A19103F-16F7-4668-BE54-9A1E7A4F7556}") = "CleanArchMvc.WebUI", "CleanArchMvc.WebUI\CleanArchMvc.WebUI.csproj", "{261F02D2-44AC-4F91-8197-1C33EED72389}"
EndProject
Project("{2150E333-8FDC-42A3-9474-1A3956D46DE8}") = "Tests", "Tests", "{95BA205A-002B-4E84-A8F1-7E60918873B3}"
EndProject
Project("{9A19103F-16F7-4668-BE54-9A1E7A4F7556}") = "CleanArchMvc.Domain.Tests", "CleanArchMvc.Domain.Tests\CleanArchMvc.Domain.Tests.csproj", "{F48198E3-C29C-45C3-98D3-A99D9155047C}"
EndProject
Project("{2150E333-8FDC-42A3-9474-1A3956D46DE8}") = "Paralelismo", "Paralelismo", "{297F79B5-1B36-49F9-9008-E515D0762E8A}"
EndProject
Project("{2150E333-8FDC-42A3-9474-1A3956D46DE8}") = "PadroesCriacionais", "PadroesCriacionais", "{4FCAE104-6295-4C22-8CF8-155E53CA5D27}"
EndProject
Project("{9A19103F-16F7-4668-BE54-9A1E7A4F7556}") = "FactoryMethod", "FactoryMethod\FactoryMethod.csproj", "{6594CA15-9326-4739-AC16-FB66B9E42072}"
EndProject
Project("{9A19103F-16F7-4668-BE54-9A1E7A4F7556}") = "AbstractFactory", "AbstractFactory\AbstractFactory.csproj", "{6F65EFB1-BF84-437C-A2E3-6AC63DE1C076}"
EndProject
Project("{9A19103F-16F7-4668-BE54-9A1E7A4F7556}") = "CleanArchMvc.API", "CleanArchMvc.API\CleanArchMvc.API.csproj", "{378DD1A6-ED73-4FF8-901E-DCE72ED73BC7}"
EndProject
Project("{2150E333-8FDC-42A3-9474-1A3956D46DE8}") = "GraphQL", "GraphQL", "{CEED38A7-0ED3-4DED-94B6-063B461DD798}"
EndProject
Project("{9A19103F-16F7-4668-BE54-9A1E7A4F7556}") = "Paralelismos", "Paralelismos\Paralelismos.csproj", "{9ECC5E59-0C4C-44C5-B5FC-26583EDE4553}"
EndProject
Project("{9A19103F-16F7-4668-BE54-9A1E7A4F7556}") = "Reflections", "Reflections\Reflections.csproj", "{C292B8FE-3DAD-42EE-B07B-62D35FC36650}"
EndProject
Project("{2150E333-8FDC-42A3-9474-1A3956D46DE8}") = "ParallelProgramming", "ParallelProgramming", "{B589F676-39AC-4AAB-883A-C7192627F5C4}"
EndProject
Project("{9A19103F-16F7-4668-BE54-9A1E7A4F7556}") = "1_TaskProgramming", "1_TaskProgramming\1_TaskProgramming.csproj", "{E4FD1F9B-2378-4186-A1F7-B3D2B2A8DDAF}"
EndProject
Project("{9A19103F-16F7-4668-BE54-9A1E7A4F7556}") = "2_DataSharing_Synchronization", "2_DataSharing_Synchronization\2_DataSharing_Synchronization.csproj", "{B0C0670D-B223-4BD9-B053-FA2D63729F6C}"
EndProject
Project("{9A19103F-16F7-4668-BE54-9A1E7A4F7556}") = "3_ConcurrentCollections", "3_ConcurrentCollections\3_ConcurrentCollections.csproj", "{E509032D-92C3-4A6C-89A5-0502E12DE03E}"
EndProject
Project("{9A19103F-16F7-4668-BE54-9A1E7A4F7556}") = "5_ParallelLops", "6_ParallelLops\5_ParallelLops.csproj", "{C0F323A2-5294-4E45-A3A7-48749EE78A38}"
EndProject
Project("{9A19103F-16F7-4668-BE54-9A1E7A4F7556}") = "6_ParallelLINQ", "6_ParallelLINQ\6_ParallelLINQ.csproj", "{7A0FA86A-1AF8-4500-B4D2-3A8A5B4EFBE3}"
EndProject
Project("{9A19103F-16F7-4668-BE54-9A1E7A4F7556}") = "7_AsynchronousProgramming", "7_AsynchronousProgramming\7_AsynchronousProgramming.csproj", "{BE78C2EE-05DF-4167-879A-134D17E16BAA}"
EndProject
Project("{2150E333-8FDC-42A3-9474-1A3956D46DE8}") = "gRPC", "gRPC", "{4A2D5F92-1A94-418A-8457-FCCE6056F7DC}"
	ProjectSection(SolutionItems) = preProject
		gRPC.txt = gRPC.txt
	EndProjectSection
EndProject
Project("{9A19103F-16F7-4668-BE54-9A1E7A4F7556}") = "gRPCHelloWorldServer", "gRPCHelloWorldServer\gRPCHelloWorldServer.csproj", "{A611C3D9-CE81-4A2B-8A46-169A3EFB7609}"
EndProject
Project("{FAE04EC0-301F-11D3-BF4B-00C04F79EFBC}") = "GrpcHelloWorldClient", "GrpcHelloWorldClient\GrpcHelloWorldClient.csproj", "{8E66B0CB-51A4-431B-B04A-8D7DB4214E1A}"
EndProject
Global
	GlobalSection(SolutionConfigurationPlatforms) = preSolution
		Debug|Any CPU = Debug|Any CPU
		Debug|ARM = Debug|ARM
		Debug|ARM64 = Debug|ARM64
		Debug|x64 = Debug|x64
		Debug|x86 = Debug|x86
		Release|Any CPU = Release|Any CPU
		Release|ARM = Release|ARM
		Release|ARM64 = Release|ARM64
		Release|x64 = Release|x64
		Release|x86 = Release|x86
	EndGlobalSection
	GlobalSection(ProjectConfigurationPlatforms) = postSolution
		{556C1481-2693-4473-9D51-EE03A91CB4C8}.Debug|Any CPU.ActiveCfg = Debug|Any CPU
		{556C1481-2693-4473-9D51-EE03A91CB4C8}.Debug|Any CPU.Build.0 = Debug|Any CPU
		{556C1481-2693-4473-9D51-EE03A91CB4C8}.Debug|ARM.ActiveCfg = Debug|Any CPU
		{556C1481-2693-4473-9D51-EE03A91CB4C8}.Debug|ARM.Build.0 = Debug|Any CPU
		{556C1481-2693-4473-9D51-EE03A91CB4C8}.Debug|ARM64.ActiveCfg = Debug|Any CPU
		{556C1481-2693-4473-9D51-EE03A91CB4C8}.Debug|ARM64.Build.0 = Debug|Any CPU
		{556C1481-2693-4473-9D51-EE03A91CB4C8}.Debug|x64.ActiveCfg = Debug|Any CPU
		{556C1481-2693-4473-9D51-EE03A91CB4C8}.Debug|x64.Build.0 = Debug|Any CPU
		{556C1481-2693-4473-9D51-EE03A91CB4C8}.Debug|x86.ActiveCfg = Debug|Any CPU
		{556C1481-2693-4473-9D51-EE03A91CB4C8}.Debug|x86.Build.0 = Debug|Any CPU
		{556C1481-2693-4473-9D51-EE03A91CB4C8}.Release|Any CPU.ActiveCfg = Release|Any CPU
		{556C1481-2693-4473-9D51-EE03A91CB4C8}.Release|Any CPU.Build.0 = Release|Any CPU
		{556C1481-2693-4473-9D51-EE03A91CB4C8}.Release|ARM.ActiveCfg = Release|Any CPU
		{556C1481-2693-4473-9D51-EE03A91CB4C8}.Release|ARM.Build.0 = Release|Any CPU
		{556C1481-2693-4473-9D51-EE03A91CB4C8}.Release|ARM64.ActiveCfg = Release|Any CPU
		{556C1481-2693-4473-9D51-EE03A91CB4C8}.Release|ARM64.Build.0 = Release|Any CPU
		{556C1481-2693-4473-9D51-EE03A91CB4C8}.Release|x64.ActiveCfg = Release|Any CPU
		{556C1481-2693-4473-9D51-EE03A91CB4C8}.Release|x64.Build.0 = Release|Any CPU
		{556C1481-2693-4473-9D51-EE03A91CB4C8}.Release|x86.ActiveCfg = Release|Any CPU
		{556C1481-2693-4473-9D51-EE03A91CB4C8}.Release|x86.Build.0 = Release|Any CPU
		{90AEA01D-76B3-4E8F-A868-BBBD5069F351}.Debug|Any CPU.ActiveCfg = Debug|Any CPU
		{90AEA01D-76B3-4E8F-A868-BBBD5069F351}.Debug|Any CPU.Build.0 = Debug|Any CPU
		{90AEA01D-76B3-4E8F-A868-BBBD5069F351}.Debug|ARM.ActiveCfg = Debug|Any CPU
		{90AEA01D-76B3-4E8F-A868-BBBD5069F351}.Debug|ARM.Build.0 = Debug|Any CPU
		{90AEA01D-76B3-4E8F-A868-BBBD5069F351}.Debug|ARM64.ActiveCfg = Debug|Any CPU
		{90AEA01D-76B3-4E8F-A868-BBBD5069F351}.Debug|ARM64.Build.0 = Debug|Any CPU
		{90AEA01D-76B3-4E8F-A868-BBBD5069F351}.Debug|x64.ActiveCfg = Debug|Any CPU
		{90AEA01D-76B3-4E8F-A868-BBBD5069F351}.Debug|x64.Build.0 = Debug|Any CPU
		{90AEA01D-76B3-4E8F-A868-BBBD5069F351}.Debug|x86.ActiveCfg = Debug|Any CPU
		{90AEA01D-76B3-4E8F-A868-BBBD5069F351}.Debug|x86.Build.0 = Debug|Any CPU
		{90AEA01D-76B3-4E8F-A868-BBBD5069F351}.Release|Any CPU.ActiveCfg = Release|Any CPU
		{90AEA01D-76B3-4E8F-A868-BBBD5069F351}.Release|Any CPU.Build.0 = Release|Any CPU
		{90AEA01D-76B3-4E8F-A868-BBBD5069F351}.Release|ARM.ActiveCfg = Release|Any CPU
		{90AEA01D-76B3-4E8F-A868-BBBD5069F351}.Release|ARM.Build.0 = Release|Any CPU
		{90AEA01D-76B3-4E8F-A868-BBBD5069F351}.Release|ARM64.ActiveCfg = Release|Any CPU
		{90AEA01D-76B3-4E8F-A868-BBBD5069F351}.Release|ARM64.Build.0 = Release|Any CPU
		{90AEA01D-76B3-4E8F-A868-BBBD5069F351}.Release|x64.ActiveCfg = Release|Any CPU
		{90AEA01D-76B3-4E8F-A868-BBBD5069F351}.Release|x64.Build.0 = Release|Any CPU
		{90AEA01D-76B3-4E8F-A868-BBBD5069F351}.Release|x86.ActiveCfg = Release|Any CPU
		{90AEA01D-76B3-4E8F-A868-BBBD5069F351}.Release|x86.Build.0 = Release|Any CPU
		{C3E84D42-A1DC-4120-B621-E2EE40909242}.Debug|Any CPU.ActiveCfg = Debug|Any CPU
		{C3E84D42-A1DC-4120-B621-E2EE40909242}.Debug|Any CPU.Build.0 = Debug|Any CPU
		{C3E84D42-A1DC-4120-B621-E2EE40909242}.Debug|ARM.ActiveCfg = Debug|Any CPU
		{C3E84D42-A1DC-4120-B621-E2EE40909242}.Debug|ARM.Build.0 = Debug|Any CPU
		{C3E84D42-A1DC-4120-B621-E2EE40909242}.Debug|ARM64.ActiveCfg = Debug|Any CPU
		{C3E84D42-A1DC-4120-B621-E2EE40909242}.Debug|ARM64.Build.0 = Debug|Any CPU
		{C3E84D42-A1DC-4120-B621-E2EE40909242}.Debug|x64.ActiveCfg = Debug|Any CPU
		{C3E84D42-A1DC-4120-B621-E2EE40909242}.Debug|x64.Build.0 = Debug|Any CPU
		{C3E84D42-A1DC-4120-B621-E2EE40909242}.Debug|x86.ActiveCfg = Debug|Any CPU
		{C3E84D42-A1DC-4120-B621-E2EE40909242}.Debug|x86.Build.0 = Debug|Any CPU
		{C3E84D42-A1DC-4120-B621-E2EE40909242}.Release|Any CPU.ActiveCfg = Release|Any CPU
		{C3E84D42-A1DC-4120-B621-E2EE40909242}.Release|Any CPU.Build.0 = Release|Any CPU
		{C3E84D42-A1DC-4120-B621-E2EE40909242}.Release|ARM.ActiveCfg = Release|Any CPU
		{C3E84D42-A1DC-4120-B621-E2EE40909242}.Release|ARM.Build.0 = Release|Any CPU
		{C3E84D42-A1DC-4120-B621-E2EE40909242}.Release|ARM64.ActiveCfg = Release|Any CPU
		{C3E84D42-A1DC-4120-B621-E2EE40909242}.Release|ARM64.Build.0 = Release|Any CPU
		{C3E84D42-A1DC-4120-B621-E2EE40909242}.Release|x64.ActiveCfg = Release|Any CPU
		{C3E84D42-A1DC-4120-B621-E2EE40909242}.Release|x64.Build.0 = Release|Any CPU
		{C3E84D42-A1DC-4120-B621-E2EE40909242}.Release|x86.ActiveCfg = Release|Any CPU
		{C3E84D42-A1DC-4120-B621-E2EE40909242}.Release|x86.Build.0 = Release|Any CPU
		{BC191FB5-F5F9-4806-B241-22B32AF99C6C}.Debug|Any CPU.ActiveCfg = Debug|Any CPU
		{BC191FB5-F5F9-4806-B241-22B32AF99C6C}.Debug|Any CPU.Build.0 = Debug|Any CPU
		{BC191FB5-F5F9-4806-B241-22B32AF99C6C}.Debug|ARM.ActiveCfg = Debug|Any CPU
		{BC191FB5-F5F9-4806-B241-22B32AF99C6C}.Debug|ARM.Build.0 = Debug|Any CPU
		{BC191FB5-F5F9-4806-B241-22B32AF99C6C}.Debug|ARM64.ActiveCfg = Debug|Any CPU
		{BC191FB5-F5F9-4806-B241-22B32AF99C6C}.Debug|ARM64.Build.0 = Debug|Any CPU
		{BC191FB5-F5F9-4806-B241-22B32AF99C6C}.Debug|x64.ActiveCfg = Debug|Any CPU
		{BC191FB5-F5F9-4806-B241-22B32AF99C6C}.Debug|x64.Build.0 = Debug|Any CPU
		{BC191FB5-F5F9-4806-B241-22B32AF99C6C}.Debug|x86.ActiveCfg = Debug|Any CPU
		{BC191FB5-F5F9-4806-B241-22B32AF99C6C}.Debug|x86.Build.0 = Debug|Any CPU
		{BC191FB5-F5F9-4806-B241-22B32AF99C6C}.Release|Any CPU.ActiveCfg = Release|Any CPU
		{BC191FB5-F5F9-4806-B241-22B32AF99C6C}.Release|Any CPU.Build.0 = Release|Any CPU
		{BC191FB5-F5F9-4806-B241-22B32AF99C6C}.Release|ARM.ActiveCfg = Release|Any CPU
		{BC191FB5-F5F9-4806-B241-22B32AF99C6C}.Release|ARM.Build.0 = Release|Any CPU
		{BC191FB5-F5F9-4806-B241-22B32AF99C6C}.Release|ARM64.ActiveCfg = Release|Any CPU
		{BC191FB5-F5F9-4806-B241-22B32AF99C6C}.Release|ARM64.Build.0 = Release|Any CPU
		{BC191FB5-F5F9-4806-B241-22B32AF99C6C}.Release|x64.ActiveCfg = Release|Any CPU
		{BC191FB5-F5F9-4806-B241-22B32AF99C6C}.Release|x64.Build.0 = Release|Any CPU
		{BC191FB5-F5F9-4806-B241-22B32AF99C6C}.Release|x86.ActiveCfg = Release|Any CPU
		{BC191FB5-F5F9-4806-B241-22B32AF99C6C}.Release|x86.Build.0 = Release|Any CPU
		{6FAC92B3-40F9-4F11-9603-EFBDA98A5630}.Debug|Any CPU.ActiveCfg = Debug|Any CPU
		{6FAC92B3-40F9-4F11-9603-EFBDA98A5630}.Debug|Any CPU.Build.0 = Debug|Any CPU
		{6FAC92B3-40F9-4F11-9603-EFBDA98A5630}.Debug|ARM.ActiveCfg = Debug|Any CPU
		{6FAC92B3-40F9-4F11-9603-EFBDA98A5630}.Debug|ARM.Build.0 = Debug|Any CPU
		{6FAC92B3-40F9-4F11-9603-EFBDA98A5630}.Debug|ARM64.ActiveCfg = Debug|Any CPU
		{6FAC92B3-40F9-4F11-9603-EFBDA98A5630}.Debug|ARM64.Build.0 = Debug|Any CPU
		{6FAC92B3-40F9-4F11-9603-EFBDA98A5630}.Debug|x64.ActiveCfg = Debug|Any CPU
		{6FAC92B3-40F9-4F11-9603-EFBDA98A5630}.Debug|x64.Build.0 = Debug|Any CPU
		{6FAC92B3-40F9-4F11-9603-EFBDA98A5630}.Debug|x86.ActiveCfg = Debug|Any CPU
		{6FAC92B3-40F9-4F11-9603-EFBDA98A5630}.Debug|x86.Build.0 = Debug|Any CPU
		{6FAC92B3-40F9-4F11-9603-EFBDA98A5630}.Release|Any CPU.ActiveCfg = Release|Any CPU
		{6FAC92B3-40F9-4F11-9603-EFBDA98A5630}.Release|Any CPU.Build.0 = Release|Any CPU
		{6FAC92B3-40F9-4F11-9603-EFBDA98A5630}.Release|ARM.ActiveCfg = Release|Any CPU
		{6FAC92B3-40F9-4F11-9603-EFBDA98A5630}.Release|ARM.Build.0 = Release|Any CPU
		{6FAC92B3-40F9-4F11-9603-EFBDA98A5630}.Release|ARM64.ActiveCfg = Release|Any CPU
		{6FAC92B3-40F9-4F11-9603-EFBDA98A5630}.Release|ARM64.Build.0 = Release|Any CPU
		{6FAC92B3-40F9-4F11-9603-EFBDA98A5630}.Release|x64.ActiveCfg = Release|Any CPU
		{6FAC92B3-40F9-4F11-9603-EFBDA98A5630}.Release|x64.Build.0 = Release|Any CPU
		{6FAC92B3-40F9-4F11-9603-EFBDA98A5630}.Release|x86.ActiveCfg = Release|Any CPU
		{6FAC92B3-40F9-4F11-9603-EFBDA98A5630}.Release|x86.Build.0 = Release|Any CPU
		{C3B06157-835C-4088-BFBE-428D4BAE0581}.Debug|Any CPU.ActiveCfg = Debug|Any CPU
		{C3B06157-835C-4088-BFBE-428D4BAE0581}.Debug|Any CPU.Build.0 = Debug|Any CPU
		{C3B06157-835C-4088-BFBE-428D4BAE0581}.Debug|ARM.ActiveCfg = Debug|Any CPU
		{C3B06157-835C-4088-BFBE-428D4BAE0581}.Debug|ARM.Build.0 = Debug|Any CPU
		{C3B06157-835C-4088-BFBE-428D4BAE0581}.Debug|ARM64.ActiveCfg = Debug|Any CPU
		{C3B06157-835C-4088-BFBE-428D4BAE0581}.Debug|ARM64.Build.0 = Debug|Any CPU
		{C3B06157-835C-4088-BFBE-428D4BAE0581}.Debug|x64.ActiveCfg = Debug|Any CPU
		{C3B06157-835C-4088-BFBE-428D4BAE0581}.Debug|x64.Build.0 = Debug|Any CPU
		{C3B06157-835C-4088-BFBE-428D4BAE0581}.Debug|x86.ActiveCfg = Debug|Any CPU
		{C3B06157-835C-4088-BFBE-428D4BAE0581}.Debug|x86.Build.0 = Debug|Any CPU
		{C3B06157-835C-4088-BFBE-428D4BAE0581}.Release|Any CPU.ActiveCfg = Release|Any CPU
		{C3B06157-835C-4088-BFBE-428D4BAE0581}.Release|Any CPU.Build.0 = Release|Any CPU
		{C3B06157-835C-4088-BFBE-428D4BAE0581}.Release|ARM.ActiveCfg = Release|Any CPU
		{C3B06157-835C-4088-BFBE-428D4BAE0581}.Release|ARM.Build.0 = Release|Any CPU
		{C3B06157-835C-4088-BFBE-428D4BAE0581}.Release|ARM64.ActiveCfg = Release|Any CPU
		{C3B06157-835C-4088-BFBE-428D4BAE0581}.Release|ARM64.Build.0 = Release|Any CPU
		{C3B06157-835C-4088-BFBE-428D4BAE0581}.Release|x64.ActiveCfg = Release|Any CPU
		{C3B06157-835C-4088-BFBE-428D4BAE0581}.Release|x64.Build.0 = Release|Any CPU
		{C3B06157-835C-4088-BFBE-428D4BAE0581}.Release|x86.ActiveCfg = Release|Any CPU
		{C3B06157-835C-4088-BFBE-428D4BAE0581}.Release|x86.Build.0 = Release|Any CPU
		{862AA537-A81D-42AB-8962-75C204487F4B}.Debug|Any CPU.ActiveCfg = Debug|Any CPU
		{862AA537-A81D-42AB-8962-75C204487F4B}.Debug|Any CPU.Build.0 = Debug|Any CPU
		{862AA537-A81D-42AB-8962-75C204487F4B}.Debug|ARM.ActiveCfg = Debug|Any CPU
		{862AA537-A81D-42AB-8962-75C204487F4B}.Debug|ARM.Build.0 = Debug|Any CPU
		{862AA537-A81D-42AB-8962-75C204487F4B}.Debug|ARM64.ActiveCfg = Debug|Any CPU
		{862AA537-A81D-42AB-8962-75C204487F4B}.Debug|ARM64.Build.0 = Debug|Any CPU
		{862AA537-A81D-42AB-8962-75C204487F4B}.Debug|x64.ActiveCfg = Debug|Any CPU
		{862AA537-A81D-42AB-8962-75C204487F4B}.Debug|x64.Build.0 = Debug|Any CPU
		{862AA537-A81D-42AB-8962-75C204487F4B}.Debug|x86.ActiveCfg = Debug|Any CPU
		{862AA537-A81D-42AB-8962-75C204487F4B}.Debug|x86.Build.0 = Debug|Any CPU
		{862AA537-A81D-42AB-8962-75C204487F4B}.Release|Any CPU.ActiveCfg = Release|Any CPU
		{862AA537-A81D-42AB-8962-75C204487F4B}.Release|Any CPU.Build.0 = Release|Any CPU
		{862AA537-A81D-42AB-8962-75C204487F4B}.Release|ARM.ActiveCfg = Release|Any CPU
		{862AA537-A81D-42AB-8962-75C204487F4B}.Release|ARM.Build.0 = Release|Any CPU
		{862AA537-A81D-42AB-8962-75C204487F4B}.Release|ARM64.ActiveCfg = Release|Any CPU
		{862AA537-A81D-42AB-8962-75C204487F4B}.Release|ARM64.Build.0 = Release|Any CPU
		{862AA537-A81D-42AB-8962-75C204487F4B}.Release|x64.ActiveCfg = Release|Any CPU
		{862AA537-A81D-42AB-8962-75C204487F4B}.Release|x64.Build.0 = Release|Any CPU
		{862AA537-A81D-42AB-8962-75C204487F4B}.Release|x86.ActiveCfg = Release|Any CPU
		{862AA537-A81D-42AB-8962-75C204487F4B}.Release|x86.Build.0 = Release|Any CPU
		{8510953C-E4A4-4BEE-B6A5-C7B611CED0D9}.Debug|Any CPU.ActiveCfg = Debug|Any CPU
		{8510953C-E4A4-4BEE-B6A5-C7B611CED0D9}.Debug|Any CPU.Build.0 = Debug|Any CPU
		{8510953C-E4A4-4BEE-B6A5-C7B611CED0D9}.Debug|ARM.ActiveCfg = Debug|Any CPU
		{8510953C-E4A4-4BEE-B6A5-C7B611CED0D9}.Debug|ARM.Build.0 = Debug|Any CPU
		{8510953C-E4A4-4BEE-B6A5-C7B611CED0D9}.Debug|ARM64.ActiveCfg = Debug|Any CPU
		{8510953C-E4A4-4BEE-B6A5-C7B611CED0D9}.Debug|ARM64.Build.0 = Debug|Any CPU
		{8510953C-E4A4-4BEE-B6A5-C7B611CED0D9}.Debug|x64.ActiveCfg = Debug|Any CPU
		{8510953C-E4A4-4BEE-B6A5-C7B611CED0D9}.Debug|x64.Build.0 = Debug|Any CPU
		{8510953C-E4A4-4BEE-B6A5-C7B611CED0D9}.Debug|x86.ActiveCfg = Debug|Any CPU
		{8510953C-E4A4-4BEE-B6A5-C7B611CED0D9}.Debug|x86.Build.0 = Debug|Any CPU
		{8510953C-E4A4-4BEE-B6A5-C7B611CED0D9}.Release|Any CPU.ActiveCfg = Release|Any CPU
		{8510953C-E4A4-4BEE-B6A5-C7B611CED0D9}.Release|Any CPU.Build.0 = Release|Any CPU
		{8510953C-E4A4-4BEE-B6A5-C7B611CED0D9}.Release|ARM.ActiveCfg = Release|Any CPU
		{8510953C-E4A4-4BEE-B6A5-C7B611CED0D9}.Release|ARM.Build.0 = Release|Any CPU
		{8510953C-E4A4-4BEE-B6A5-C7B611CED0D9}.Release|ARM64.ActiveCfg = Release|Any CPU
		{8510953C-E4A4-4BEE-B6A5-C7B611CED0D9}.Release|ARM64.Build.0 = Release|Any CPU
		{8510953C-E4A4-4BEE-B6A5-C7B611CED0D9}.Release|x64.ActiveCfg = Release|Any CPU
		{8510953C-E4A4-4BEE-B6A5-C7B611CED0D9}.Release|x64.Build.0 = Release|Any CPU
		{8510953C-E4A4-4BEE-B6A5-C7B611CED0D9}.Release|x86.ActiveCfg = Release|Any CPU
		{8510953C-E4A4-4BEE-B6A5-C7B611CED0D9}.Release|x86.Build.0 = Release|Any CPU
		{76887BEA-FA91-4A81-90FD-3E8E4C3AD119}.Debug|Any CPU.ActiveCfg = Debug|Any CPU
		{76887BEA-FA91-4A81-90FD-3E8E4C3AD119}.Debug|Any CPU.Build.0 = Debug|Any CPU
		{76887BEA-FA91-4A81-90FD-3E8E4C3AD119}.Debug|ARM.ActiveCfg = Debug|Any CPU
		{76887BEA-FA91-4A81-90FD-3E8E4C3AD119}.Debug|ARM.Build.0 = Debug|Any CPU
		{76887BEA-FA91-4A81-90FD-3E8E4C3AD119}.Debug|ARM64.ActiveCfg = Debug|Any CPU
		{76887BEA-FA91-4A81-90FD-3E8E4C3AD119}.Debug|ARM64.Build.0 = Debug|Any CPU
		{76887BEA-FA91-4A81-90FD-3E8E4C3AD119}.Debug|x64.ActiveCfg = Debug|Any CPU
		{76887BEA-FA91-4A81-90FD-3E8E4C3AD119}.Debug|x64.Build.0 = Debug|Any CPU
		{76887BEA-FA91-4A81-90FD-3E8E4C3AD119}.Debug|x86.ActiveCfg = Debug|Any CPU
		{76887BEA-FA91-4A81-90FD-3E8E4C3AD119}.Debug|x86.Build.0 = Debug|Any CPU
		{76887BEA-FA91-4A81-90FD-3E8E4C3AD119}.Release|Any CPU.ActiveCfg = Release|Any CPU
		{76887BEA-FA91-4A81-90FD-3E8E4C3AD119}.Release|Any CPU.Build.0 = Release|Any CPU
		{76887BEA-FA91-4A81-90FD-3E8E4C3AD119}.Release|ARM.ActiveCfg = Release|Any CPU
		{76887BEA-FA91-4A81-90FD-3E8E4C3AD119}.Release|ARM.Build.0 = Release|Any CPU
		{76887BEA-FA91-4A81-90FD-3E8E4C3AD119}.Release|ARM64.ActiveCfg = Release|Any CPU
		{76887BEA-FA91-4A81-90FD-3E8E4C3AD119}.Release|ARM64.Build.0 = Release|Any CPU
		{76887BEA-FA91-4A81-90FD-3E8E4C3AD119}.Release|x64.ActiveCfg = Release|Any CPU
		{76887BEA-FA91-4A81-90FD-3E8E4C3AD119}.Release|x64.Build.0 = Release|Any CPU
		{76887BEA-FA91-4A81-90FD-3E8E4C3AD119}.Release|x86.ActiveCfg = Release|Any CPU
		{76887BEA-FA91-4A81-90FD-3E8E4C3AD119}.Release|x86.Build.0 = Release|Any CPU
		{0BF97515-3F54-4B8A-B912-550F6BEC9EB4}.Debug|Any CPU.ActiveCfg = Debug|Any CPU
		{0BF97515-3F54-4B8A-B912-550F6BEC9EB4}.Debug|Any CPU.Build.0 = Debug|Any CPU
		{0BF97515-3F54-4B8A-B912-550F6BEC9EB4}.Debug|ARM.ActiveCfg = Debug|Any CPU
		{0BF97515-3F54-4B8A-B912-550F6BEC9EB4}.Debug|ARM.Build.0 = Debug|Any CPU
		{0BF97515-3F54-4B8A-B912-550F6BEC9EB4}.Debug|ARM64.ActiveCfg = Debug|Any CPU
		{0BF97515-3F54-4B8A-B912-550F6BEC9EB4}.Debug|ARM64.Build.0 = Debug|Any CPU
		{0BF97515-3F54-4B8A-B912-550F6BEC9EB4}.Debug|x64.ActiveCfg = Debug|Any CPU
		{0BF97515-3F54-4B8A-B912-550F6BEC9EB4}.Debug|x64.Build.0 = Debug|Any CPU
		{0BF97515-3F54-4B8A-B912-550F6BEC9EB4}.Debug|x86.ActiveCfg = Debug|Any CPU
		{0BF97515-3F54-4B8A-B912-550F6BEC9EB4}.Debug|x86.Build.0 = Debug|Any CPU
		{0BF97515-3F54-4B8A-B912-550F6BEC9EB4}.Release|Any CPU.ActiveCfg = Release|Any CPU
		{0BF97515-3F54-4B8A-B912-550F6BEC9EB4}.Release|Any CPU.Build.0 = Release|Any CPU
		{0BF97515-3F54-4B8A-B912-550F6BEC9EB4}.Release|ARM.ActiveCfg = Release|Any CPU
		{0BF97515-3F54-4B8A-B912-550F6BEC9EB4}.Release|ARM.Build.0 = Release|Any CPU
		{0BF97515-3F54-4B8A-B912-550F6BEC9EB4}.Release|ARM64.ActiveCfg = Release|Any CPU
		{0BF97515-3F54-4B8A-B912-550F6BEC9EB4}.Release|ARM64.Build.0 = Release|Any CPU
		{0BF97515-3F54-4B8A-B912-550F6BEC9EB4}.Release|x64.ActiveCfg = Release|Any CPU
		{0BF97515-3F54-4B8A-B912-550F6BEC9EB4}.Release|x64.Build.0 = Release|Any CPU
		{0BF97515-3F54-4B8A-B912-550F6BEC9EB4}.Release|x86.ActiveCfg = Release|Any CPU
		{0BF97515-3F54-4B8A-B912-550F6BEC9EB4}.Release|x86.Build.0 = Release|Any CPU
		{885F2BBF-9412-427E-8598-6A550F5400E3}.Debug|Any CPU.ActiveCfg = Debug|Any CPU
		{885F2BBF-9412-427E-8598-6A550F5400E3}.Debug|Any CPU.Build.0 = Debug|Any CPU
		{885F2BBF-9412-427E-8598-6A550F5400E3}.Debug|ARM.ActiveCfg = Debug|Any CPU
		{885F2BBF-9412-427E-8598-6A550F5400E3}.Debug|ARM.Build.0 = Debug|Any CPU
		{885F2BBF-9412-427E-8598-6A550F5400E3}.Debug|ARM64.ActiveCfg = Debug|Any CPU
		{885F2BBF-9412-427E-8598-6A550F5400E3}.Debug|ARM64.Build.0 = Debug|Any CPU
		{885F2BBF-9412-427E-8598-6A550F5400E3}.Debug|x64.ActiveCfg = Debug|Any CPU
		{885F2BBF-9412-427E-8598-6A550F5400E3}.Debug|x64.Build.0 = Debug|Any CPU
		{885F2BBF-9412-427E-8598-6A550F5400E3}.Debug|x86.ActiveCfg = Debug|Any CPU
		{885F2BBF-9412-427E-8598-6A550F5400E3}.Debug|x86.Build.0 = Debug|Any CPU
		{885F2BBF-9412-427E-8598-6A550F5400E3}.Release|Any CPU.ActiveCfg = Release|Any CPU
		{885F2BBF-9412-427E-8598-6A550F5400E3}.Release|Any CPU.Build.0 = Release|Any CPU
		{885F2BBF-9412-427E-8598-6A550F5400E3}.Release|ARM.ActiveCfg = Release|Any CPU
		{885F2BBF-9412-427E-8598-6A550F5400E3}.Release|ARM.Build.0 = Release|Any CPU
		{885F2BBF-9412-427E-8598-6A550F5400E3}.Release|ARM64.ActiveCfg = Release|Any CPU
		{885F2BBF-9412-427E-8598-6A550F5400E3}.Release|ARM64.Build.0 = Release|Any CPU
		{885F2BBF-9412-427E-8598-6A550F5400E3}.Release|x64.ActiveCfg = Release|Any CPU
		{885F2BBF-9412-427E-8598-6A550F5400E3}.Release|x64.Build.0 = Release|Any CPU
		{885F2BBF-9412-427E-8598-6A550F5400E3}.Release|x86.ActiveCfg = Release|Any CPU
		{885F2BBF-9412-427E-8598-6A550F5400E3}.Release|x86.Build.0 = Release|Any CPU
		{6BAE2F4B-5BA6-40AB-8C42-A36D8857AEC5}.Debug|Any CPU.ActiveCfg = Debug|Any CPU
		{6BAE2F4B-5BA6-40AB-8C42-A36D8857AEC5}.Debug|Any CPU.Build.0 = Debug|Any CPU
		{6BAE2F4B-5BA6-40AB-8C42-A36D8857AEC5}.Debug|ARM.ActiveCfg = Debug|Any CPU
		{6BAE2F4B-5BA6-40AB-8C42-A36D8857AEC5}.Debug|ARM.Build.0 = Debug|Any CPU
		{6BAE2F4B-5BA6-40AB-8C42-A36D8857AEC5}.Debug|ARM64.ActiveCfg = Debug|Any CPU
		{6BAE2F4B-5BA6-40AB-8C42-A36D8857AEC5}.Debug|ARM64.Build.0 = Debug|Any CPU
		{6BAE2F4B-5BA6-40AB-8C42-A36D8857AEC5}.Debug|x64.ActiveCfg = Debug|Any CPU
		{6BAE2F4B-5BA6-40AB-8C42-A36D8857AEC5}.Debug|x64.Build.0 = Debug|Any CPU
		{6BAE2F4B-5BA6-40AB-8C42-A36D8857AEC5}.Debug|x86.ActiveCfg = Debug|Any CPU
		{6BAE2F4B-5BA6-40AB-8C42-A36D8857AEC5}.Debug|x86.Build.0 = Debug|Any CPU
		{6BAE2F4B-5BA6-40AB-8C42-A36D8857AEC5}.Release|Any CPU.ActiveCfg = Release|Any CPU
		{6BAE2F4B-5BA6-40AB-8C42-A36D8857AEC5}.Release|Any CPU.Build.0 = Release|Any CPU
		{6BAE2F4B-5BA6-40AB-8C42-A36D8857AEC5}.Release|ARM.ActiveCfg = Release|Any CPU
		{6BAE2F4B-5BA6-40AB-8C42-A36D8857AEC5}.Release|ARM.Build.0 = Release|Any CPU
		{6BAE2F4B-5BA6-40AB-8C42-A36D8857AEC5}.Release|ARM64.ActiveCfg = Release|Any CPU
		{6BAE2F4B-5BA6-40AB-8C42-A36D8857AEC5}.Release|ARM64.Build.0 = Release|Any CPU
		{6BAE2F4B-5BA6-40AB-8C42-A36D8857AEC5}.Release|x64.ActiveCfg = Release|Any CPU
		{6BAE2F4B-5BA6-40AB-8C42-A36D8857AEC5}.Release|x64.Build.0 = Release|Any CPU
		{6BAE2F4B-5BA6-40AB-8C42-A36D8857AEC5}.Release|x86.ActiveCfg = Release|Any CPU
		{6BAE2F4B-5BA6-40AB-8C42-A36D8857AEC5}.Release|x86.Build.0 = Release|Any CPU
		{F1EF97CB-1263-43B3-9450-F46873E305E9}.Debug|Any CPU.ActiveCfg = Debug|Any CPU
		{F1EF97CB-1263-43B3-9450-F46873E305E9}.Debug|Any CPU.Build.0 = Debug|Any CPU
		{F1EF97CB-1263-43B3-9450-F46873E305E9}.Debug|ARM.ActiveCfg = Debug|Any CPU
		{F1EF97CB-1263-43B3-9450-F46873E305E9}.Debug|ARM.Build.0 = Debug|Any CPU
		{F1EF97CB-1263-43B3-9450-F46873E305E9}.Debug|ARM64.ActiveCfg = Debug|Any CPU
		{F1EF97CB-1263-43B3-9450-F46873E305E9}.Debug|ARM64.Build.0 = Debug|Any CPU
		{F1EF97CB-1263-43B3-9450-F46873E305E9}.Debug|x64.ActiveCfg = Debug|Any CPU
		{F1EF97CB-1263-43B3-9450-F46873E305E9}.Debug|x64.Build.0 = Debug|Any CPU
		{F1EF97CB-1263-43B3-9450-F46873E305E9}.Debug|x86.ActiveCfg = Debug|Any CPU
		{F1EF97CB-1263-43B3-9450-F46873E305E9}.Debug|x86.Build.0 = Debug|Any CPU
		{F1EF97CB-1263-43B3-9450-F46873E305E9}.Release|Any CPU.ActiveCfg = Release|Any CPU
		{F1EF97CB-1263-43B3-9450-F46873E305E9}.Release|Any CPU.Build.0 = Release|Any CPU
		{F1EF97CB-1263-43B3-9450-F46873E305E9}.Release|ARM.ActiveCfg = Release|Any CPU
		{F1EF97CB-1263-43B3-9450-F46873E305E9}.Release|ARM.Build.0 = Release|Any CPU
		{F1EF97CB-1263-43B3-9450-F46873E305E9}.Release|ARM64.ActiveCfg = Release|Any CPU
		{F1EF97CB-1263-43B3-9450-F46873E305E9}.Release|ARM64.Build.0 = Release|Any CPU
		{F1EF97CB-1263-43B3-9450-F46873E305E9}.Release|x64.ActiveCfg = Release|Any CPU
		{F1EF97CB-1263-43B3-9450-F46873E305E9}.Release|x64.Build.0 = Release|Any CPU
		{F1EF97CB-1263-43B3-9450-F46873E305E9}.Release|x86.ActiveCfg = Release|Any CPU
		{F1EF97CB-1263-43B3-9450-F46873E305E9}.Release|x86.Build.0 = Release|Any CPU
		{1CCA957F-6296-42DE-8B99-CD977A1178C5}.Debug|Any CPU.ActiveCfg = Debug|Any CPU
		{1CCA957F-6296-42DE-8B99-CD977A1178C5}.Debug|Any CPU.Build.0 = Debug|Any CPU
		{1CCA957F-6296-42DE-8B99-CD977A1178C5}.Debug|ARM.ActiveCfg = Debug|Any CPU
		{1CCA957F-6296-42DE-8B99-CD977A1178C5}.Debug|ARM.Build.0 = Debug|Any CPU
		{1CCA957F-6296-42DE-8B99-CD977A1178C5}.Debug|ARM64.ActiveCfg = Debug|Any CPU
		{1CCA957F-6296-42DE-8B99-CD977A1178C5}.Debug|ARM64.Build.0 = Debug|Any CPU
		{1CCA957F-6296-42DE-8B99-CD977A1178C5}.Debug|x64.ActiveCfg = Debug|Any CPU
		{1CCA957F-6296-42DE-8B99-CD977A1178C5}.Debug|x64.Build.0 = Debug|Any CPU
		{1CCA957F-6296-42DE-8B99-CD977A1178C5}.Debug|x86.ActiveCfg = Debug|Any CPU
		{1CCA957F-6296-42DE-8B99-CD977A1178C5}.Debug|x86.Build.0 = Debug|Any CPU
		{1CCA957F-6296-42DE-8B99-CD977A1178C5}.Release|Any CPU.ActiveCfg = Release|Any CPU
		{1CCA957F-6296-42DE-8B99-CD977A1178C5}.Release|Any CPU.Build.0 = Release|Any CPU
		{1CCA957F-6296-42DE-8B99-CD977A1178C5}.Release|ARM.ActiveCfg = Release|Any CPU
		{1CCA957F-6296-42DE-8B99-CD977A1178C5}.Release|ARM.Build.0 = Release|Any CPU
		{1CCA957F-6296-42DE-8B99-CD977A1178C5}.Release|ARM64.ActiveCfg = Release|Any CPU
		{1CCA957F-6296-42DE-8B99-CD977A1178C5}.Release|ARM64.Build.0 = Release|Any CPU
		{1CCA957F-6296-42DE-8B99-CD977A1178C5}.Release|x64.ActiveCfg = Release|Any CPU
		{1CCA957F-6296-42DE-8B99-CD977A1178C5}.Release|x64.Build.0 = Release|Any CPU
		{1CCA957F-6296-42DE-8B99-CD977A1178C5}.Release|x86.ActiveCfg = Release|Any CPU
		{1CCA957F-6296-42DE-8B99-CD977A1178C5}.Release|x86.Build.0 = Release|Any CPU
		{C65C80A1-DD45-49D3-9657-CBDBBE835E52}.Debug|Any CPU.ActiveCfg = Debug|Any CPU
		{C65C80A1-DD45-49D3-9657-CBDBBE835E52}.Debug|Any CPU.Build.0 = Debug|Any CPU
		{C65C80A1-DD45-49D3-9657-CBDBBE835E52}.Debug|ARM.ActiveCfg = Debug|Any CPU
		{C65C80A1-DD45-49D3-9657-CBDBBE835E52}.Debug|ARM.Build.0 = Debug|Any CPU
		{C65C80A1-DD45-49D3-9657-CBDBBE835E52}.Debug|ARM64.ActiveCfg = Debug|Any CPU
		{C65C80A1-DD45-49D3-9657-CBDBBE835E52}.Debug|ARM64.Build.0 = Debug|Any CPU
		{C65C80A1-DD45-49D3-9657-CBDBBE835E52}.Debug|x64.ActiveCfg = Debug|Any CPU
		{C65C80A1-DD45-49D3-9657-CBDBBE835E52}.Debug|x64.Build.0 = Debug|Any CPU
		{C65C80A1-DD45-49D3-9657-CBDBBE835E52}.Debug|x86.ActiveCfg = Debug|Any CPU
		{C65C80A1-DD45-49D3-9657-CBDBBE835E52}.Debug|x86.Build.0 = Debug|Any CPU
		{C65C80A1-DD45-49D3-9657-CBDBBE835E52}.Release|Any CPU.ActiveCfg = Release|Any CPU
		{C65C80A1-DD45-49D3-9657-CBDBBE835E52}.Release|Any CPU.Build.0 = Release|Any CPU
		{C65C80A1-DD45-49D3-9657-CBDBBE835E52}.Release|ARM.ActiveCfg = Release|Any CPU
		{C65C80A1-DD45-49D3-9657-CBDBBE835E52}.Release|ARM.Build.0 = Release|Any CPU
		{C65C80A1-DD45-49D3-9657-CBDBBE835E52}.Release|ARM64.ActiveCfg = Release|Any CPU
		{C65C80A1-DD45-49D3-9657-CBDBBE835E52}.Release|ARM64.Build.0 = Release|Any CPU
		{C65C80A1-DD45-49D3-9657-CBDBBE835E52}.Release|x64.ActiveCfg = Release|Any CPU
		{C65C80A1-DD45-49D3-9657-CBDBBE835E52}.Release|x64.Build.0 = Release|Any CPU
		{C65C80A1-DD45-49D3-9657-CBDBBE835E52}.Release|x86.ActiveCfg = Release|Any CPU
		{C65C80A1-DD45-49D3-9657-CBDBBE835E52}.Release|x86.Build.0 = Release|Any CPU
		{6A6756EE-9640-41F0-8932-BC3E3AD59208}.Debug|Any CPU.ActiveCfg = Debug|Any CPU
		{6A6756EE-9640-41F0-8932-BC3E3AD59208}.Debug|Any CPU.Build.0 = Debug|Any CPU
		{6A6756EE-9640-41F0-8932-BC3E3AD59208}.Debug|ARM.ActiveCfg = Debug|Any CPU
		{6A6756EE-9640-41F0-8932-BC3E3AD59208}.Debug|ARM.Build.0 = Debug|Any CPU
		{6A6756EE-9640-41F0-8932-BC3E3AD59208}.Debug|ARM64.ActiveCfg = Debug|Any CPU
		{6A6756EE-9640-41F0-8932-BC3E3AD59208}.Debug|ARM64.Build.0 = Debug|Any CPU
		{6A6756EE-9640-41F0-8932-BC3E3AD59208}.Debug|x64.ActiveCfg = Debug|Any CPU
		{6A6756EE-9640-41F0-8932-BC3E3AD59208}.Debug|x64.Build.0 = Debug|Any CPU
		{6A6756EE-9640-41F0-8932-BC3E3AD59208}.Debug|x86.ActiveCfg = Debug|Any CPU
		{6A6756EE-9640-41F0-8932-BC3E3AD59208}.Debug|x86.Build.0 = Debug|Any CPU
		{6A6756EE-9640-41F0-8932-BC3E3AD59208}.Release|Any CPU.ActiveCfg = Release|Any CPU
		{6A6756EE-9640-41F0-8932-BC3E3AD59208}.Release|Any CPU.Build.0 = Release|Any CPU
		{6A6756EE-9640-41F0-8932-BC3E3AD59208}.Release|ARM.ActiveCfg = Release|Any CPU
		{6A6756EE-9640-41F0-8932-BC3E3AD59208}.Release|ARM.Build.0 = Release|Any CPU
		{6A6756EE-9640-41F0-8932-BC3E3AD59208}.Release|ARM64.ActiveCfg = Release|Any CPU
		{6A6756EE-9640-41F0-8932-BC3E3AD59208}.Release|ARM64.Build.0 = Release|Any CPU
		{6A6756EE-9640-41F0-8932-BC3E3AD59208}.Release|x64.ActiveCfg = Release|Any CPU
		{6A6756EE-9640-41F0-8932-BC3E3AD59208}.Release|x64.Build.0 = Release|Any CPU
		{6A6756EE-9640-41F0-8932-BC3E3AD59208}.Release|x86.ActiveCfg = Release|Any CPU
		{6A6756EE-9640-41F0-8932-BC3E3AD59208}.Release|x86.Build.0 = Release|Any CPU
		{81B0223A-93EA-4F4C-8287-AF894EAFCCD9}.Debug|Any CPU.ActiveCfg = Debug|Any CPU
		{81B0223A-93EA-4F4C-8287-AF894EAFCCD9}.Debug|Any CPU.Build.0 = Debug|Any CPU
		{81B0223A-93EA-4F4C-8287-AF894EAFCCD9}.Debug|ARM.ActiveCfg = Debug|Any CPU
		{81B0223A-93EA-4F4C-8287-AF894EAFCCD9}.Debug|ARM.Build.0 = Debug|Any CPU
		{81B0223A-93EA-4F4C-8287-AF894EAFCCD9}.Debug|ARM64.ActiveCfg = Debug|Any CPU
		{81B0223A-93EA-4F4C-8287-AF894EAFCCD9}.Debug|ARM64.Build.0 = Debug|Any CPU
		{81B0223A-93EA-4F4C-8287-AF894EAFCCD9}.Debug|x64.ActiveCfg = Debug|Any CPU
		{81B0223A-93EA-4F4C-8287-AF894EAFCCD9}.Debug|x64.Build.0 = Debug|Any CPU
		{81B0223A-93EA-4F4C-8287-AF894EAFCCD9}.Debug|x86.ActiveCfg = Debug|Any CPU
		{81B0223A-93EA-4F4C-8287-AF894EAFCCD9}.Debug|x86.Build.0 = Debug|Any CPU
		{81B0223A-93EA-4F4C-8287-AF894EAFCCD9}.Release|Any CPU.ActiveCfg = Release|Any CPU
		{81B0223A-93EA-4F4C-8287-AF894EAFCCD9}.Release|Any CPU.Build.0 = Release|Any CPU
		{81B0223A-93EA-4F4C-8287-AF894EAFCCD9}.Release|ARM.ActiveCfg = Release|Any CPU
		{81B0223A-93EA-4F4C-8287-AF894EAFCCD9}.Release|ARM.Build.0 = Release|Any CPU
		{81B0223A-93EA-4F4C-8287-AF894EAFCCD9}.Release|ARM64.ActiveCfg = Release|Any CPU
		{81B0223A-93EA-4F4C-8287-AF894EAFCCD9}.Release|ARM64.Build.0 = Release|Any CPU
		{81B0223A-93EA-4F4C-8287-AF894EAFCCD9}.Release|x64.ActiveCfg = Release|Any CPU
		{81B0223A-93EA-4F4C-8287-AF894EAFCCD9}.Release|x64.Build.0 = Release|Any CPU
		{81B0223A-93EA-4F4C-8287-AF894EAFCCD9}.Release|x86.ActiveCfg = Release|Any CPU
		{81B0223A-93EA-4F4C-8287-AF894EAFCCD9}.Release|x86.Build.0 = Release|Any CPU
		{261F02D2-44AC-4F91-8197-1C33EED72389}.Debug|Any CPU.ActiveCfg = Debug|Any CPU
		{261F02D2-44AC-4F91-8197-1C33EED72389}.Debug|Any CPU.Build.0 = Debug|Any CPU
		{261F02D2-44AC-4F91-8197-1C33EED72389}.Debug|ARM.ActiveCfg = Debug|Any CPU
		{261F02D2-44AC-4F91-8197-1C33EED72389}.Debug|ARM.Build.0 = Debug|Any CPU
		{261F02D2-44AC-4F91-8197-1C33EED72389}.Debug|ARM64.ActiveCfg = Debug|Any CPU
		{261F02D2-44AC-4F91-8197-1C33EED72389}.Debug|ARM64.Build.0 = Debug|Any CPU
		{261F02D2-44AC-4F91-8197-1C33EED72389}.Debug|x64.ActiveCfg = Debug|Any CPU
		{261F02D2-44AC-4F91-8197-1C33EED72389}.Debug|x64.Build.0 = Debug|Any CPU
		{261F02D2-44AC-4F91-8197-1C33EED72389}.Debug|x86.ActiveCfg = Debug|Any CPU
		{261F02D2-44AC-4F91-8197-1C33EED72389}.Debug|x86.Build.0 = Debug|Any CPU
		{261F02D2-44AC-4F91-8197-1C33EED72389}.Release|Any CPU.ActiveCfg = Release|Any CPU
		{261F02D2-44AC-4F91-8197-1C33EED72389}.Release|Any CPU.Build.0 = Release|Any CPU
		{261F02D2-44AC-4F91-8197-1C33EED72389}.Release|ARM.ActiveCfg = Release|Any CPU
		{261F02D2-44AC-4F91-8197-1C33EED72389}.Release|ARM.Build.0 = Release|Any CPU
		{261F02D2-44AC-4F91-8197-1C33EED72389}.Release|ARM64.ActiveCfg = Release|Any CPU
		{261F02D2-44AC-4F91-8197-1C33EED72389}.Release|ARM64.Build.0 = Release|Any CPU
		{261F02D2-44AC-4F91-8197-1C33EED72389}.Release|x64.ActiveCfg = Release|Any CPU
		{261F02D2-44AC-4F91-8197-1C33EED72389}.Release|x64.Build.0 = Release|Any CPU
		{261F02D2-44AC-4F91-8197-1C33EED72389}.Release|x86.ActiveCfg = Release|Any CPU
		{261F02D2-44AC-4F91-8197-1C33EED72389}.Release|x86.Build.0 = Release|Any CPU
		{F48198E3-C29C-45C3-98D3-A99D9155047C}.Debug|Any CPU.ActiveCfg = Debug|Any CPU
		{F48198E3-C29C-45C3-98D3-A99D9155047C}.Debug|Any CPU.Build.0 = Debug|Any CPU
		{F48198E3-C29C-45C3-98D3-A99D9155047C}.Debug|ARM.ActiveCfg = Debug|Any CPU
		{F48198E3-C29C-45C3-98D3-A99D9155047C}.Debug|ARM.Build.0 = Debug|Any CPU
		{F48198E3-C29C-45C3-98D3-A99D9155047C}.Debug|ARM64.ActiveCfg = Debug|Any CPU
		{F48198E3-C29C-45C3-98D3-A99D9155047C}.Debug|ARM64.Build.0 = Debug|Any CPU
		{F48198E3-C29C-45C3-98D3-A99D9155047C}.Debug|x64.ActiveCfg = Debug|Any CPU
		{F48198E3-C29C-45C3-98D3-A99D9155047C}.Debug|x64.Build.0 = Debug|Any CPU
		{F48198E3-C29C-45C3-98D3-A99D9155047C}.Debug|x86.ActiveCfg = Debug|Any CPU
		{F48198E3-C29C-45C3-98D3-A99D9155047C}.Debug|x86.Build.0 = Debug|Any CPU
		{F48198E3-C29C-45C3-98D3-A99D9155047C}.Release|Any CPU.ActiveCfg = Release|Any CPU
		{F48198E3-C29C-45C3-98D3-A99D9155047C}.Release|Any CPU.Build.0 = Release|Any CPU
		{F48198E3-C29C-45C3-98D3-A99D9155047C}.Release|ARM.ActiveCfg = Release|Any CPU
		{F48198E3-C29C-45C3-98D3-A99D9155047C}.Release|ARM.Build.0 = Release|Any CPU
		{F48198E3-C29C-45C3-98D3-A99D9155047C}.Release|ARM64.ActiveCfg = Release|Any CPU
		{F48198E3-C29C-45C3-98D3-A99D9155047C}.Release|ARM64.Build.0 = Release|Any CPU
		{F48198E3-C29C-45C3-98D3-A99D9155047C}.Release|x64.ActiveCfg = Release|Any CPU
		{F48198E3-C29C-45C3-98D3-A99D9155047C}.Release|x64.Build.0 = Release|Any CPU
		{F48198E3-C29C-45C3-98D3-A99D9155047C}.Release|x86.ActiveCfg = Release|Any CPU
		{F48198E3-C29C-45C3-98D3-A99D9155047C}.Release|x86.Build.0 = Release|Any CPU
		{6594CA15-9326-4739-AC16-FB66B9E42072}.Debug|Any CPU.ActiveCfg = Debug|Any CPU
		{6594CA15-9326-4739-AC16-FB66B9E42072}.Debug|Any CPU.Build.0 = Debug|Any CPU
		{6594CA15-9326-4739-AC16-FB66B9E42072}.Debug|ARM.ActiveCfg = Debug|Any CPU
		{6594CA15-9326-4739-AC16-FB66B9E42072}.Debug|ARM.Build.0 = Debug|Any CPU
		{6594CA15-9326-4739-AC16-FB66B9E42072}.Debug|ARM64.ActiveCfg = Debug|Any CPU
		{6594CA15-9326-4739-AC16-FB66B9E42072}.Debug|ARM64.Build.0 = Debug|Any CPU
		{6594CA15-9326-4739-AC16-FB66B9E42072}.Debug|x64.ActiveCfg = Debug|Any CPU
		{6594CA15-9326-4739-AC16-FB66B9E42072}.Debug|x64.Build.0 = Debug|Any CPU
		{6594CA15-9326-4739-AC16-FB66B9E42072}.Debug|x86.ActiveCfg = Debug|Any CPU
		{6594CA15-9326-4739-AC16-FB66B9E42072}.Debug|x86.Build.0 = Debug|Any CPU
		{6594CA15-9326-4739-AC16-FB66B9E42072}.Release|Any CPU.ActiveCfg = Release|Any CPU
		{6594CA15-9326-4739-AC16-FB66B9E42072}.Release|Any CPU.Build.0 = Release|Any CPU
		{6594CA15-9326-4739-AC16-FB66B9E42072}.Release|ARM.ActiveCfg = Release|Any CPU
		{6594CA15-9326-4739-AC16-FB66B9E42072}.Release|ARM.Build.0 = Release|Any CPU
		{6594CA15-9326-4739-AC16-FB66B9E42072}.Release|ARM64.ActiveCfg = Release|Any CPU
		{6594CA15-9326-4739-AC16-FB66B9E42072}.Release|ARM64.Build.0 = Release|Any CPU
		{6594CA15-9326-4739-AC16-FB66B9E42072}.Release|x64.ActiveCfg = Release|Any CPU
		{6594CA15-9326-4739-AC16-FB66B9E42072}.Release|x64.Build.0 = Release|Any CPU
		{6594CA15-9326-4739-AC16-FB66B9E42072}.Release|x86.ActiveCfg = Release|Any CPU
		{6594CA15-9326-4739-AC16-FB66B9E42072}.Release|x86.Build.0 = Release|Any CPU
		{6F65EFB1-BF84-437C-A2E3-6AC63DE1C076}.Debug|Any CPU.ActiveCfg = Debug|Any CPU
		{6F65EFB1-BF84-437C-A2E3-6AC63DE1C076}.Debug|Any CPU.Build.0 = Debug|Any CPU
		{6F65EFB1-BF84-437C-A2E3-6AC63DE1C076}.Debug|ARM.ActiveCfg = Debug|Any CPU
		{6F65EFB1-BF84-437C-A2E3-6AC63DE1C076}.Debug|ARM.Build.0 = Debug|Any CPU
		{6F65EFB1-BF84-437C-A2E3-6AC63DE1C076}.Debug|ARM64.ActiveCfg = Debug|Any CPU
		{6F65EFB1-BF84-437C-A2E3-6AC63DE1C076}.Debug|ARM64.Build.0 = Debug|Any CPU
		{6F65EFB1-BF84-437C-A2E3-6AC63DE1C076}.Debug|x64.ActiveCfg = Debug|Any CPU
		{6F65EFB1-BF84-437C-A2E3-6AC63DE1C076}.Debug|x64.Build.0 = Debug|Any CPU
		{6F65EFB1-BF84-437C-A2E3-6AC63DE1C076}.Debug|x86.ActiveCfg = Debug|Any CPU
		{6F65EFB1-BF84-437C-A2E3-6AC63DE1C076}.Debug|x86.Build.0 = Debug|Any CPU
		{6F65EFB1-BF84-437C-A2E3-6AC63DE1C076}.Release|Any CPU.ActiveCfg = Release|Any CPU
		{6F65EFB1-BF84-437C-A2E3-6AC63DE1C076}.Release|Any CPU.Build.0 = Release|Any CPU
		{6F65EFB1-BF84-437C-A2E3-6AC63DE1C076}.Release|ARM.ActiveCfg = Release|Any CPU
		{6F65EFB1-BF84-437C-A2E3-6AC63DE1C076}.Release|ARM.Build.0 = Release|Any CPU
		{6F65EFB1-BF84-437C-A2E3-6AC63DE1C076}.Release|ARM64.ActiveCfg = Release|Any CPU
		{6F65EFB1-BF84-437C-A2E3-6AC63DE1C076}.Release|ARM64.Build.0 = Release|Any CPU
		{6F65EFB1-BF84-437C-A2E3-6AC63DE1C076}.Release|x64.ActiveCfg = Release|Any CPU
		{6F65EFB1-BF84-437C-A2E3-6AC63DE1C076}.Release|x64.Build.0 = Release|Any CPU
		{6F65EFB1-BF84-437C-A2E3-6AC63DE1C076}.Release|x86.ActiveCfg = Release|Any CPU
		{6F65EFB1-BF84-437C-A2E3-6AC63DE1C076}.Release|x86.Build.0 = Release|Any CPU
		{378DD1A6-ED73-4FF8-901E-DCE72ED73BC7}.Debug|Any CPU.ActiveCfg = Debug|Any CPU
		{378DD1A6-ED73-4FF8-901E-DCE72ED73BC7}.Debug|Any CPU.Build.0 = Debug|Any CPU
		{378DD1A6-ED73-4FF8-901E-DCE72ED73BC7}.Debug|ARM.ActiveCfg = Debug|Any CPU
		{378DD1A6-ED73-4FF8-901E-DCE72ED73BC7}.Debug|ARM.Build.0 = Debug|Any CPU
		{378DD1A6-ED73-4FF8-901E-DCE72ED73BC7}.Debug|ARM64.ActiveCfg = Debug|Any CPU
		{378DD1A6-ED73-4FF8-901E-DCE72ED73BC7}.Debug|ARM64.Build.0 = Debug|Any CPU
		{378DD1A6-ED73-4FF8-901E-DCE72ED73BC7}.Debug|x64.ActiveCfg = Debug|Any CPU
		{378DD1A6-ED73-4FF8-901E-DCE72ED73BC7}.Debug|x64.Build.0 = Debug|Any CPU
		{378DD1A6-ED73-4FF8-901E-DCE72ED73BC7}.Debug|x86.ActiveCfg = Debug|Any CPU
		{378DD1A6-ED73-4FF8-901E-DCE72ED73BC7}.Debug|x86.Build.0 = Debug|Any CPU
		{378DD1A6-ED73-4FF8-901E-DCE72ED73BC7}.Release|Any CPU.ActiveCfg = Release|Any CPU
		{378DD1A6-ED73-4FF8-901E-DCE72ED73BC7}.Release|Any CPU.Build.0 = Release|Any CPU
		{378DD1A6-ED73-4FF8-901E-DCE72ED73BC7}.Release|ARM.ActiveCfg = Release|Any CPU
		{378DD1A6-ED73-4FF8-901E-DCE72ED73BC7}.Release|ARM.Build.0 = Release|Any CPU
		{378DD1A6-ED73-4FF8-901E-DCE72ED73BC7}.Release|ARM64.ActiveCfg = Release|Any CPU
		{378DD1A6-ED73-4FF8-901E-DCE72ED73BC7}.Release|ARM64.Build.0 = Release|Any CPU
		{378DD1A6-ED73-4FF8-901E-DCE72ED73BC7}.Release|x64.ActiveCfg = Release|Any CPU
		{378DD1A6-ED73-4FF8-901E-DCE72ED73BC7}.Release|x64.Build.0 = Release|Any CPU
		{378DD1A6-ED73-4FF8-901E-DCE72ED73BC7}.Release|x86.ActiveCfg = Release|Any CPU
		{378DD1A6-ED73-4FF8-901E-DCE72ED73BC7}.Release|x86.Build.0 = Release|Any CPU
		{9ECC5E59-0C4C-44C5-B5FC-26583EDE4553}.Debug|Any CPU.ActiveCfg = Debug|Any CPU
		{9ECC5E59-0C4C-44C5-B5FC-26583EDE4553}.Debug|Any CPU.Build.0 = Debug|Any CPU
		{9ECC5E59-0C4C-44C5-B5FC-26583EDE4553}.Debug|ARM.ActiveCfg = Debug|Any CPU
		{9ECC5E59-0C4C-44C5-B5FC-26583EDE4553}.Debug|ARM.Build.0 = Debug|Any CPU
		{9ECC5E59-0C4C-44C5-B5FC-26583EDE4553}.Debug|ARM64.ActiveCfg = Debug|Any CPU
		{9ECC5E59-0C4C-44C5-B5FC-26583EDE4553}.Debug|ARM64.Build.0 = Debug|Any CPU
		{9ECC5E59-0C4C-44C5-B5FC-26583EDE4553}.Debug|x64.ActiveCfg = Debug|Any CPU
		{9ECC5E59-0C4C-44C5-B5FC-26583EDE4553}.Debug|x64.Build.0 = Debug|Any CPU
		{9ECC5E59-0C4C-44C5-B5FC-26583EDE4553}.Debug|x86.ActiveCfg = Debug|Any CPU
		{9ECC5E59-0C4C-44C5-B5FC-26583EDE4553}.Debug|x86.Build.0 = Debug|Any CPU
		{9ECC5E59-0C4C-44C5-B5FC-26583EDE4553}.Release|Any CPU.ActiveCfg = Release|Any CPU
		{9ECC5E59-0C4C-44C5-B5FC-26583EDE4553}.Release|Any CPU.Build.0 = Release|Any CPU
		{9ECC5E59-0C4C-44C5-B5FC-26583EDE4553}.Release|ARM.ActiveCfg = Release|Any CPU
		{9ECC5E59-0C4C-44C5-B5FC-26583EDE4553}.Release|ARM.Build.0 = Release|Any CPU
		{9ECC5E59-0C4C-44C5-B5FC-26583EDE4553}.Release|ARM64.ActiveCfg = Release|Any CPU
		{9ECC5E59-0C4C-44C5-B5FC-26583EDE4553}.Release|ARM64.Build.0 = Release|Any CPU
		{9ECC5E59-0C4C-44C5-B5FC-26583EDE4553}.Release|x64.ActiveCfg = Release|Any CPU
		{9ECC5E59-0C4C-44C5-B5FC-26583EDE4553}.Release|x64.Build.0 = Release|Any CPU
		{9ECC5E59-0C4C-44C5-B5FC-26583EDE4553}.Release|x86.ActiveCfg = Release|Any CPU
		{9ECC5E59-0C4C-44C5-B5FC-26583EDE4553}.Release|x86.Build.0 = Release|Any CPU
		{C292B8FE-3DAD-42EE-B07B-62D35FC36650}.Debug|Any CPU.ActiveCfg = Debug|Any CPU
		{C292B8FE-3DAD-42EE-B07B-62D35FC36650}.Debug|Any CPU.Build.0 = Debug|Any CPU
		{C292B8FE-3DAD-42EE-B07B-62D35FC36650}.Debug|ARM.ActiveCfg = Debug|Any CPU
		{C292B8FE-3DAD-42EE-B07B-62D35FC36650}.Debug|ARM.Build.0 = Debug|Any CPU
		{C292B8FE-3DAD-42EE-B07B-62D35FC36650}.Debug|ARM64.ActiveCfg = Debug|Any CPU
		{C292B8FE-3DAD-42EE-B07B-62D35FC36650}.Debug|ARM64.Build.0 = Debug|Any CPU
		{C292B8FE-3DAD-42EE-B07B-62D35FC36650}.Debug|x64.ActiveCfg = Debug|Any CPU
		{C292B8FE-3DAD-42EE-B07B-62D35FC36650}.Debug|x64.Build.0 = Debug|Any CPU
		{C292B8FE-3DAD-42EE-B07B-62D35FC36650}.Debug|x86.ActiveCfg = Debug|Any CPU
		{C292B8FE-3DAD-42EE-B07B-62D35FC36650}.Debug|x86.Build.0 = Debug|Any CPU
		{C292B8FE-3DAD-42EE-B07B-62D35FC36650}.Release|Any CPU.ActiveCfg = Release|Any CPU
		{C292B8FE-3DAD-42EE-B07B-62D35FC36650}.Release|Any CPU.Build.0 = Release|Any CPU
		{C292B8FE-3DAD-42EE-B07B-62D35FC36650}.Release|ARM.ActiveCfg = Release|Any CPU
		{C292B8FE-3DAD-42EE-B07B-62D35FC36650}.Release|ARM.Build.0 = Release|Any CPU
		{C292B8FE-3DAD-42EE-B07B-62D35FC36650}.Release|ARM64.ActiveCfg = Release|Any CPU
		{C292B8FE-3DAD-42EE-B07B-62D35FC36650}.Release|ARM64.Build.0 = Release|Any CPU
		{C292B8FE-3DAD-42EE-B07B-62D35FC36650}.Release|x64.ActiveCfg = Release|Any CPU
		{C292B8FE-3DAD-42EE-B07B-62D35FC36650}.Release|x64.Build.0 = Release|Any CPU
		{C292B8FE-3DAD-42EE-B07B-62D35FC36650}.Release|x86.ActiveCfg = Release|Any CPU
		{C292B8FE-3DAD-42EE-B07B-62D35FC36650}.Release|x86.Build.0 = Release|Any CPU
		{E4FD1F9B-2378-4186-A1F7-B3D2B2A8DDAF}.Debug|Any CPU.ActiveCfg = Debug|Any CPU
		{E4FD1F9B-2378-4186-A1F7-B3D2B2A8DDAF}.Debug|Any CPU.Build.0 = Debug|Any CPU
		{E4FD1F9B-2378-4186-A1F7-B3D2B2A8DDAF}.Debug|ARM.ActiveCfg = Debug|Any CPU
		{E4FD1F9B-2378-4186-A1F7-B3D2B2A8DDAF}.Debug|ARM.Build.0 = Debug|Any CPU
		{E4FD1F9B-2378-4186-A1F7-B3D2B2A8DDAF}.Debug|ARM64.ActiveCfg = Debug|Any CPU
		{E4FD1F9B-2378-4186-A1F7-B3D2B2A8DDAF}.Debug|ARM64.Build.0 = Debug|Any CPU
		{E4FD1F9B-2378-4186-A1F7-B3D2B2A8DDAF}.Debug|x64.ActiveCfg = Debug|Any CPU
		{E4FD1F9B-2378-4186-A1F7-B3D2B2A8DDAF}.Debug|x64.Build.0 = Debug|Any CPU
		{E4FD1F9B-2378-4186-A1F7-B3D2B2A8DDAF}.Debug|x86.ActiveCfg = Debug|Any CPU
		{E4FD1F9B-2378-4186-A1F7-B3D2B2A8DDAF}.Debug|x86.Build.0 = Debug|Any CPU
		{E4FD1F9B-2378-4186-A1F7-B3D2B2A8DDAF}.Release|Any CPU.ActiveCfg = Release|Any CPU
		{E4FD1F9B-2378-4186-A1F7-B3D2B2A8DDAF}.Release|Any CPU.Build.0 = Release|Any CPU
		{E4FD1F9B-2378-4186-A1F7-B3D2B2A8DDAF}.Release|ARM.ActiveCfg = Release|Any CPU
		{E4FD1F9B-2378-4186-A1F7-B3D2B2A8DDAF}.Release|ARM.Build.0 = Release|Any CPU
		{E4FD1F9B-2378-4186-A1F7-B3D2B2A8DDAF}.Release|ARM64.ActiveCfg = Release|Any CPU
		{E4FD1F9B-2378-4186-A1F7-B3D2B2A8DDAF}.Release|ARM64.Build.0 = Release|Any CPU
		{E4FD1F9B-2378-4186-A1F7-B3D2B2A8DDAF}.Release|x64.ActiveCfg = Release|Any CPU
		{E4FD1F9B-2378-4186-A1F7-B3D2B2A8DDAF}.Release|x64.Build.0 = Release|Any CPU
		{E4FD1F9B-2378-4186-A1F7-B3D2B2A8DDAF}.Release|x86.ActiveCfg = Release|Any CPU
		{E4FD1F9B-2378-4186-A1F7-B3D2B2A8DDAF}.Release|x86.Build.0 = Release|Any CPU
		{B0C0670D-B223-4BD9-B053-FA2D63729F6C}.Debug|Any CPU.ActiveCfg = Debug|Any CPU
		{B0C0670D-B223-4BD9-B053-FA2D63729F6C}.Debug|Any CPU.Build.0 = Debug|Any CPU
		{B0C0670D-B223-4BD9-B053-FA2D63729F6C}.Debug|ARM.ActiveCfg = Debug|Any CPU
		{B0C0670D-B223-4BD9-B053-FA2D63729F6C}.Debug|ARM.Build.0 = Debug|Any CPU
		{B0C0670D-B223-4BD9-B053-FA2D63729F6C}.Debug|ARM64.ActiveCfg = Debug|Any CPU
		{B0C0670D-B223-4BD9-B053-FA2D63729F6C}.Debug|ARM64.Build.0 = Debug|Any CPU
		{B0C0670D-B223-4BD9-B053-FA2D63729F6C}.Debug|x64.ActiveCfg = Debug|Any CPU
		{B0C0670D-B223-4BD9-B053-FA2D63729F6C}.Debug|x64.Build.0 = Debug|Any CPU
		{B0C0670D-B223-4BD9-B053-FA2D63729F6C}.Debug|x86.ActiveCfg = Debug|Any CPU
		{B0C0670D-B223-4BD9-B053-FA2D63729F6C}.Debug|x86.Build.0 = Debug|Any CPU
		{B0C0670D-B223-4BD9-B053-FA2D63729F6C}.Release|Any CPU.ActiveCfg = Release|Any CPU
		{B0C0670D-B223-4BD9-B053-FA2D63729F6C}.Release|Any CPU.Build.0 = Release|Any CPU
		{B0C0670D-B223-4BD9-B053-FA2D63729F6C}.Release|ARM.ActiveCfg = Release|Any CPU
		{B0C0670D-B223-4BD9-B053-FA2D63729F6C}.Release|ARM.Build.0 = Release|Any CPU
		{B0C0670D-B223-4BD9-B053-FA2D63729F6C}.Release|ARM64.ActiveCfg = Release|Any CPU
		{B0C0670D-B223-4BD9-B053-FA2D63729F6C}.Release|ARM64.Build.0 = Release|Any CPU
		{B0C0670D-B223-4BD9-B053-FA2D63729F6C}.Release|x64.ActiveCfg = Release|Any CPU
		{B0C0670D-B223-4BD9-B053-FA2D63729F6C}.Release|x64.Build.0 = Release|Any CPU
		{B0C0670D-B223-4BD9-B053-FA2D63729F6C}.Release|x86.ActiveCfg = Release|Any CPU
		{B0C0670D-B223-4BD9-B053-FA2D63729F6C}.Release|x86.Build.0 = Release|Any CPU
		{E509032D-92C3-4A6C-89A5-0502E12DE03E}.Debug|Any CPU.ActiveCfg = Debug|Any CPU
		{E509032D-92C3-4A6C-89A5-0502E12DE03E}.Debug|Any CPU.Build.0 = Debug|Any CPU
		{E509032D-92C3-4A6C-89A5-0502E12DE03E}.Debug|ARM.ActiveCfg = Debug|Any CPU
		{E509032D-92C3-4A6C-89A5-0502E12DE03E}.Debug|ARM.Build.0 = Debug|Any CPU
		{E509032D-92C3-4A6C-89A5-0502E12DE03E}.Debug|ARM64.ActiveCfg = Debug|Any CPU
		{E509032D-92C3-4A6C-89A5-0502E12DE03E}.Debug|ARM64.Build.0 = Debug|Any CPU
		{E509032D-92C3-4A6C-89A5-0502E12DE03E}.Debug|x64.ActiveCfg = Debug|Any CPU
		{E509032D-92C3-4A6C-89A5-0502E12DE03E}.Debug|x64.Build.0 = Debug|Any CPU
		{E509032D-92C3-4A6C-89A5-0502E12DE03E}.Debug|x86.ActiveCfg = Debug|Any CPU
		{E509032D-92C3-4A6C-89A5-0502E12DE03E}.Debug|x86.Build.0 = Debug|Any CPU
		{E509032D-92C3-4A6C-89A5-0502E12DE03E}.Release|Any CPU.ActiveCfg = Release|Any CPU
		{E509032D-92C3-4A6C-89A5-0502E12DE03E}.Release|Any CPU.Build.0 = Release|Any CPU
		{E509032D-92C3-4A6C-89A5-0502E12DE03E}.Release|ARM.ActiveCfg = Release|Any CPU
		{E509032D-92C3-4A6C-89A5-0502E12DE03E}.Release|ARM.Build.0 = Release|Any CPU
		{E509032D-92C3-4A6C-89A5-0502E12DE03E}.Release|ARM64.ActiveCfg = Release|Any CPU
		{E509032D-92C3-4A6C-89A5-0502E12DE03E}.Release|ARM64.Build.0 = Release|Any CPU
		{E509032D-92C3-4A6C-89A5-0502E12DE03E}.Release|x64.ActiveCfg = Release|Any CPU
		{E509032D-92C3-4A6C-89A5-0502E12DE03E}.Release|x64.Build.0 = Release|Any CPU
		{E509032D-92C3-4A6C-89A5-0502E12DE03E}.Release|x86.ActiveCfg = Release|Any CPU
		{E509032D-92C3-4A6C-89A5-0502E12DE03E}.Release|x86.Build.0 = Release|Any CPU
		{C0F323A2-5294-4E45-A3A7-48749EE78A38}.Debug|Any CPU.ActiveCfg = Debug|Any CPU
		{C0F323A2-5294-4E45-A3A7-48749EE78A38}.Debug|Any CPU.Build.0 = Debug|Any CPU
		{C0F323A2-5294-4E45-A3A7-48749EE78A38}.Debug|ARM.ActiveCfg = Debug|Any CPU
		{C0F323A2-5294-4E45-A3A7-48749EE78A38}.Debug|ARM.Build.0 = Debug|Any CPU
		{C0F323A2-5294-4E45-A3A7-48749EE78A38}.Debug|ARM64.ActiveCfg = Debug|Any CPU
		{C0F323A2-5294-4E45-A3A7-48749EE78A38}.Debug|ARM64.Build.0 = Debug|Any CPU
		{C0F323A2-5294-4E45-A3A7-48749EE78A38}.Debug|x64.ActiveCfg = Debug|Any CPU
		{C0F323A2-5294-4E45-A3A7-48749EE78A38}.Debug|x64.Build.0 = Debug|Any CPU
		{C0F323A2-5294-4E45-A3A7-48749EE78A38}.Debug|x86.ActiveCfg = Debug|Any CPU
		{C0F323A2-5294-4E45-A3A7-48749EE78A38}.Debug|x86.Build.0 = Debug|Any CPU
		{C0F323A2-5294-4E45-A3A7-48749EE78A38}.Release|Any CPU.ActiveCfg = Release|Any CPU
		{C0F323A2-5294-4E45-A3A7-48749EE78A38}.Release|Any CPU.Build.0 = Release|Any CPU
		{C0F323A2-5294-4E45-A3A7-48749EE78A38}.Release|ARM.ActiveCfg = Release|Any CPU
		{C0F323A2-5294-4E45-A3A7-48749EE78A38}.Release|ARM.Build.0 = Release|Any CPU
		{C0F323A2-5294-4E45-A3A7-48749EE78A38}.Release|ARM64.ActiveCfg = Release|Any CPU
		{C0F323A2-5294-4E45-A3A7-48749EE78A38}.Release|ARM64.Build.0 = Release|Any CPU
		{C0F323A2-5294-4E45-A3A7-48749EE78A38}.Release|x64.ActiveCfg = Release|Any CPU
		{C0F323A2-5294-4E45-A3A7-48749EE78A38}.Release|x64.Build.0 = Release|Any CPU
		{C0F323A2-5294-4E45-A3A7-48749EE78A38}.Release|x86.ActiveCfg = Release|Any CPU
		{C0F323A2-5294-4E45-A3A7-48749EE78A38}.Release|x86.Build.0 = Release|Any CPU
		{7A0FA86A-1AF8-4500-B4D2-3A8A5B4EFBE3}.Debug|Any CPU.ActiveCfg = Debug|Any CPU
		{7A0FA86A-1AF8-4500-B4D2-3A8A5B4EFBE3}.Debug|Any CPU.Build.0 = Debug|Any CPU
		{7A0FA86A-1AF8-4500-B4D2-3A8A5B4EFBE3}.Debug|ARM.ActiveCfg = Debug|Any CPU
		{7A0FA86A-1AF8-4500-B4D2-3A8A5B4EFBE3}.Debug|ARM.Build.0 = Debug|Any CPU
		{7A0FA86A-1AF8-4500-B4D2-3A8A5B4EFBE3}.Debug|ARM64.ActiveCfg = Debug|Any CPU
		{7A0FA86A-1AF8-4500-B4D2-3A8A5B4EFBE3}.Debug|ARM64.Build.0 = Debug|Any CPU
		{7A0FA86A-1AF8-4500-B4D2-3A8A5B4EFBE3}.Debug|x64.ActiveCfg = Debug|Any CPU
		{7A0FA86A-1AF8-4500-B4D2-3A8A5B4EFBE3}.Debug|x64.Build.0 = Debug|Any CPU
		{7A0FA86A-1AF8-4500-B4D2-3A8A5B4EFBE3}.Debug|x86.ActiveCfg = Debug|Any CPU
		{7A0FA86A-1AF8-4500-B4D2-3A8A5B4EFBE3}.Debug|x86.Build.0 = Debug|Any CPU
		{7A0FA86A-1AF8-4500-B4D2-3A8A5B4EFBE3}.Release|Any CPU.ActiveCfg = Release|Any CPU
		{7A0FA86A-1AF8-4500-B4D2-3A8A5B4EFBE3}.Release|Any CPU.Build.0 = Release|Any CPU
		{7A0FA86A-1AF8-4500-B4D2-3A8A5B4EFBE3}.Release|ARM.ActiveCfg = Release|Any CPU
		{7A0FA86A-1AF8-4500-B4D2-3A8A5B4EFBE3}.Release|ARM.Build.0 = Release|Any CPU
		{7A0FA86A-1AF8-4500-B4D2-3A8A5B4EFBE3}.Release|ARM64.ActiveCfg = Release|Any CPU
		{7A0FA86A-1AF8-4500-B4D2-3A8A5B4EFBE3}.Release|ARM64.Build.0 = Release|Any CPU
		{7A0FA86A-1AF8-4500-B4D2-3A8A5B4EFBE3}.Release|x64.ActiveCfg = Release|Any CPU
		{7A0FA86A-1AF8-4500-B4D2-3A8A5B4EFBE3}.Release|x64.Build.0 = Release|Any CPU
		{7A0FA86A-1AF8-4500-B4D2-3A8A5B4EFBE3}.Release|x86.ActiveCfg = Release|Any CPU
		{7A0FA86A-1AF8-4500-B4D2-3A8A5B4EFBE3}.Release|x86.Build.0 = Release|Any CPU
		{BE78C2EE-05DF-4167-879A-134D17E16BAA}.Debug|Any CPU.ActiveCfg = Debug|Any CPU
		{BE78C2EE-05DF-4167-879A-134D17E16BAA}.Debug|Any CPU.Build.0 = Debug|Any CPU
		{BE78C2EE-05DF-4167-879A-134D17E16BAA}.Debug|ARM.ActiveCfg = Debug|Any CPU
		{BE78C2EE-05DF-4167-879A-134D17E16BAA}.Debug|ARM.Build.0 = Debug|Any CPU
		{BE78C2EE-05DF-4167-879A-134D17E16BAA}.Debug|ARM64.ActiveCfg = Debug|Any CPU
		{BE78C2EE-05DF-4167-879A-134D17E16BAA}.Debug|ARM64.Build.0 = Debug|Any CPU
		{BE78C2EE-05DF-4167-879A-134D17E16BAA}.Debug|x64.ActiveCfg = Debug|Any CPU
		{BE78C2EE-05DF-4167-879A-134D17E16BAA}.Debug|x64.Build.0 = Debug|Any CPU
		{BE78C2EE-05DF-4167-879A-134D17E16BAA}.Debug|x86.ActiveCfg = Debug|Any CPU
		{BE78C2EE-05DF-4167-879A-134D17E16BAA}.Debug|x86.Build.0 = Debug|Any CPU
		{BE78C2EE-05DF-4167-879A-134D17E16BAA}.Release|Any CPU.ActiveCfg = Release|Any CPU
		{BE78C2EE-05DF-4167-879A-134D17E16BAA}.Release|Any CPU.Build.0 = Release|Any CPU
		{BE78C2EE-05DF-4167-879A-134D17E16BAA}.Release|ARM.ActiveCfg = Release|Any CPU
		{BE78C2EE-05DF-4167-879A-134D17E16BAA}.Release|ARM.Build.0 = Release|Any CPU
		{BE78C2EE-05DF-4167-879A-134D17E16BAA}.Release|ARM64.ActiveCfg = Release|Any CPU
		{BE78C2EE-05DF-4167-879A-134D17E16BAA}.Release|ARM64.Build.0 = Release|Any CPU
		{BE78C2EE-05DF-4167-879A-134D17E16BAA}.Release|x64.ActiveCfg = Release|Any CPU
		{BE78C2EE-05DF-4167-879A-134D17E16BAA}.Release|x64.Build.0 = Release|Any CPU
		{BE78C2EE-05DF-4167-879A-134D17E16BAA}.Release|x86.ActiveCfg = Release|Any CPU
		{BE78C2EE-05DF-4167-879A-134D17E16BAA}.Release|x86.Build.0 = Release|Any CPU
		{A611C3D9-CE81-4A2B-8A46-169A3EFB7609}.Debug|Any CPU.ActiveCfg = Debug|Any CPU
		{A611C3D9-CE81-4A2B-8A46-169A3EFB7609}.Debug|Any CPU.Build.0 = Debug|Any CPU
		{A611C3D9-CE81-4A2B-8A46-169A3EFB7609}.Debug|ARM.ActiveCfg = Debug|Any CPU
		{A611C3D9-CE81-4A2B-8A46-169A3EFB7609}.Debug|ARM.Build.0 = Debug|Any CPU
		{A611C3D9-CE81-4A2B-8A46-169A3EFB7609}.Debug|ARM64.ActiveCfg = Debug|Any CPU
		{A611C3D9-CE81-4A2B-8A46-169A3EFB7609}.Debug|ARM64.Build.0 = Debug|Any CPU
		{A611C3D9-CE81-4A2B-8A46-169A3EFB7609}.Debug|x64.ActiveCfg = Debug|Any CPU
		{A611C3D9-CE81-4A2B-8A46-169A3EFB7609}.Debug|x64.Build.0 = Debug|Any CPU
		{A611C3D9-CE81-4A2B-8A46-169A3EFB7609}.Debug|x86.ActiveCfg = Debug|Any CPU
		{A611C3D9-CE81-4A2B-8A46-169A3EFB7609}.Debug|x86.Build.0 = Debug|Any CPU
		{A611C3D9-CE81-4A2B-8A46-169A3EFB7609}.Release|Any CPU.ActiveCfg = Release|Any CPU
		{A611C3D9-CE81-4A2B-8A46-169A3EFB7609}.Release|Any CPU.Build.0 = Release|Any CPU
		{A611C3D9-CE81-4A2B-8A46-169A3EFB7609}.Release|ARM.ActiveCfg = Release|Any CPU
		{A611C3D9-CE81-4A2B-8A46-169A3EFB7609}.Release|ARM.Build.0 = Release|Any CPU
		{A611C3D9-CE81-4A2B-8A46-169A3EFB7609}.Release|ARM64.ActiveCfg = Release|Any CPU
		{A611C3D9-CE81-4A2B-8A46-169A3EFB7609}.Release|ARM64.Build.0 = Release|Any CPU
		{A611C3D9-CE81-4A2B-8A46-169A3EFB7609}.Release|x64.ActiveCfg = Release|Any CPU
		{A611C3D9-CE81-4A2B-8A46-169A3EFB7609}.Release|x64.Build.0 = Release|Any CPU
		{A611C3D9-CE81-4A2B-8A46-169A3EFB7609}.Release|x86.ActiveCfg = Release|Any CPU
		{A611C3D9-CE81-4A2B-8A46-169A3EFB7609}.Release|x86.Build.0 = Release|Any CPU
		{8E66B0CB-51A4-431B-B04A-8D7DB4214E1A}.Debug|Any CPU.ActiveCfg = Debug|Any CPU
		{8E66B0CB-51A4-431B-B04A-8D7DB4214E1A}.Debug|Any CPU.Build.0 = Debug|Any CPU
		{8E66B0CB-51A4-431B-B04A-8D7DB4214E1A}.Debug|ARM.ActiveCfg = Debug|Any CPU
		{8E66B0CB-51A4-431B-B04A-8D7DB4214E1A}.Debug|ARM.Build.0 = Debug|Any CPU
		{8E66B0CB-51A4-431B-B04A-8D7DB4214E1A}.Debug|ARM64.ActiveCfg = Debug|Any CPU
		{8E66B0CB-51A4-431B-B04A-8D7DB4214E1A}.Debug|ARM64.Build.0 = Debug|Any CPU
		{8E66B0CB-51A4-431B-B04A-8D7DB4214E1A}.Debug|x64.ActiveCfg = Debug|Any CPU
		{8E66B0CB-51A4-431B-B04A-8D7DB4214E1A}.Debug|x64.Build.0 = Debug|Any CPU
		{8E66B0CB-51A4-431B-B04A-8D7DB4214E1A}.Debug|x86.ActiveCfg = Debug|Any CPU
		{8E66B0CB-51A4-431B-B04A-8D7DB4214E1A}.Debug|x86.Build.0 = Debug|Any CPU
		{8E66B0CB-51A4-431B-B04A-8D7DB4214E1A}.Release|Any CPU.ActiveCfg = Release|Any CPU
		{8E66B0CB-51A4-431B-B04A-8D7DB4214E1A}.Release|Any CPU.Build.0 = Release|Any CPU
		{8E66B0CB-51A4-431B-B04A-8D7DB4214E1A}.Release|ARM.ActiveCfg = Release|Any CPU
		{8E66B0CB-51A4-431B-B04A-8D7DB4214E1A}.Release|ARM.Build.0 = Release|Any CPU
		{8E66B0CB-51A4-431B-B04A-8D7DB4214E1A}.Release|ARM64.ActiveCfg = Release|Any CPU
		{8E66B0CB-51A4-431B-B04A-8D7DB4214E1A}.Release|ARM64.Build.0 = Release|Any CPU
		{8E66B0CB-51A4-431B-B04A-8D7DB4214E1A}.Release|x64.ActiveCfg = Release|Any CPU
		{8E66B0CB-51A4-431B-B04A-8D7DB4214E1A}.Release|x64.Build.0 = Release|Any CPU
		{8E66B0CB-51A4-431B-B04A-8D7DB4214E1A}.Release|x86.ActiveCfg = Release|Any CPU
		{8E66B0CB-51A4-431B-B04A-8D7DB4214E1A}.Release|x86.Build.0 = Release|Any CPU
	EndGlobalSection
	GlobalSection(SolutionProperties) = preSolution
		HideSolutionNode = FALSE
	EndGlobalSection
	GlobalSection(NestedProjects) = preSolution
		{556C1481-2693-4473-9D51-EE03A91CB4C8} = {297F79B5-1B36-49F9-9008-E515D0762E8A}
		{6BAE2F4B-5BA6-40AB-8C42-A36D8857AEC5} = {5DC67F4E-A85A-4938-9725-1CC01B8BF63E}
		{F1EF97CB-1263-43B3-9450-F46873E305E9} = {5DC67F4E-A85A-4938-9725-1CC01B8BF63E}
		{1CCA957F-6296-42DE-8B99-CD977A1178C5} = {756B0012-40DA-4027-85C2-C76FE58752C5}
		{C65C80A1-DD45-49D3-9657-CBDBBE835E52} = {756B0012-40DA-4027-85C2-C76FE58752C5}
		{6A6756EE-9640-41F0-8932-BC3E3AD59208} = {756B0012-40DA-4027-85C2-C76FE58752C5}
		{81B0223A-93EA-4F4C-8287-AF894EAFCCD9} = {756B0012-40DA-4027-85C2-C76FE58752C5}
		{261F02D2-44AC-4F91-8197-1C33EED72389} = {756B0012-40DA-4027-85C2-C76FE58752C5}
		{95BA205A-002B-4E84-A8F1-7E60918873B3} = {756B0012-40DA-4027-85C2-C76FE58752C5}
		{F48198E3-C29C-45C3-98D3-A99D9155047C} = {95BA205A-002B-4E84-A8F1-7E60918873B3}
		{6594CA15-9326-4739-AC16-FB66B9E42072} = {4FCAE104-6295-4C22-8CF8-155E53CA5D27}
		{6F65EFB1-BF84-437C-A2E3-6AC63DE1C076} = {4FCAE104-6295-4C22-8CF8-155E53CA5D27}
		{378DD1A6-ED73-4FF8-901E-DCE72ED73BC7} = {756B0012-40DA-4027-85C2-C76FE58752C5}
		{9ECC5E59-0C4C-44C5-B5FC-26583EDE4553} = {297F79B5-1B36-49F9-9008-E515D0762E8A}
		{E4FD1F9B-2378-4186-A1F7-B3D2B2A8DDAF} = {B589F676-39AC-4AAB-883A-C7192627F5C4}
		{B0C0670D-B223-4BD9-B053-FA2D63729F6C} = {B589F676-39AC-4AAB-883A-C7192627F5C4}
		{E509032D-92C3-4A6C-89A5-0502E12DE03E} = {B589F676-39AC-4AAB-883A-C7192627F5C4}
		{C0F323A2-5294-4E45-A3A7-48749EE78A38} = {B589F676-39AC-4AAB-883A-C7192627F5C4}
		{7A0FA86A-1AF8-4500-B4D2-3A8A5B4EFBE3} = {B589F676-39AC-4AAB-883A-C7192627F5C4}
		{BE78C2EE-05DF-4167-879A-134D17E16BAA} = {B589F676-39AC-4AAB-883A-C7192627F5C4}
		{A611C3D9-CE81-4A2B-8A46-169A3EFB7609} = {4A2D5F92-1A94-418A-8457-FCCE6056F7DC}
		{8E66B0CB-51A4-431B-B04A-8D7DB4214E1A} = {4A2D5F92-1A94-418A-8457-FCCE6056F7DC}
	EndGlobalSection
	GlobalSection(ExtensibilityGlobals) = postSolution
		SolutionGuid = {DCE2B3F0-F280-4CC4-A49B-74BDA226DA2B}
	EndGlobalSection
EndGlobal
